// !$*UTF8*$!
{
	archiveVersion = 1;
	classes = {
	};
	objectVersion = 48;
	objects = {

/* Begin PBXBuildFile section */
		2643164A2032685A0084E566 /* AppDelegate.swift in Sources */ = {isa = PBXBuildFile; fileRef = 264316492032685A0084E566 /* AppDelegate.swift */; };
		2643164C2032685A0084E566 /* ViewController.swift in Sources */ = {isa = PBXBuildFile; fileRef = 2643164B2032685A0084E566 /* ViewController.swift */; };
		2643164F2032685A0084E566 /* Main.storyboard in Resources */ = {isa = PBXBuildFile; fileRef = 2643164D2032685A0084E566 /* Main.storyboard */; };
		264316512032685A0084E566 /* Assets.xcassets in Resources */ = {isa = PBXBuildFile; fileRef = 264316502032685A0084E566 /* Assets.xcassets */; };
		264316542032685A0084E566 /* LaunchScreen.storyboard in Resources */ = {isa = PBXBuildFile; fileRef = 264316522032685A0084E566 /* LaunchScreen.storyboard */; };
		2643165F2032685A0084E566 /* CalculatorTipTests.swift in Sources */ = {isa = PBXBuildFile; fileRef = 2643165E2032685A0084E566 /* CalculatorTipTests.swift */; };
		2643166A2032685A0084E566 /* CalculatorTipUITests.swift in Sources */ = {isa = PBXBuildFile; fileRef = 264316692032685A0084E566 /* CalculatorTipUITests.swift */; };
/* End PBXBuildFile section */

/* Begin PBXContainerItemProxy section */
		2643165B2032685A0084E566 /* PBXContainerItemProxy */ = {
			isa = PBXContainerItemProxy;
			containerPortal = 2643163E2032685A0084E566 /* Project object */;
			proxyType = 1;
			remoteGlobalIDString = 264316452032685A0084E566;
			remoteInfo = CalculatorTip;
		};
		264316662032685A0084E566 /* PBXContainerItemProxy */ = {
			isa = PBXContainerItemProxy;
			containerPortal = 2643163E2032685A0084E566 /* Project object */;
			proxyType = 1;
			remoteGlobalIDString = 264316452032685A0084E566;
			remoteInfo = CalculatorTip;
		};
/* End PBXContainerItemProxy section */

/* Begin PBXFileReference section */
		264316462032685A0084E566 /* CalculatorTip.app */ = {isa = PBXFileReference; explicitFileType = wrapper.application; includeInIndex = 0; path = CalculatorTip.app; sourceTree = BUILT_PRODUCTS_DIR; };
		264316492032685A0084E566 /* AppDelegate.swift */ = {isa = PBXFileReference; lastKnownFileType = sourcecode.swift; path = AppDelegate.swift; sourceTree = "<group>"; };
		2643164B2032685A0084E566 /* ViewController.swift */ = {isa = PBXFileReference; lastKnownFileType = sourcecode.swift; path = ViewController.swift; sourceTree = "<group>"; };
		2643164E2032685A0084E566 /* Base */ = {isa = PBXFileReference; lastKnownFileType = file.storyboard; name = Base; path = Base.lproj/Main.storyboard; sourceTree = "<group>"; };
		264316502032685A0084E566 /* Assets.xcassets */ = {isa = PBXFileReference; lastKnownFileType = folder.assetcatalog; path = Assets.xcassets; sourceTree = "<group>"; };
		264316532032685A0084E566 /* Base */ = {isa = PBXFileReference; lastKnownFileType = file.storyboard; name = Base; path = Base.lproj/LaunchScreen.storyboard; sourceTree = "<group>"; };
		264316552032685A0084E566 /* Info.plist */ = {isa = PBXFileReference; lastKnownFileType = text.plist.xml; path = Info.plist; sourceTree = "<group>"; };
		2643165A2032685A0084E566 /* CalculatorTipTests.xctest */ = {isa = PBXFileReference; explicitFileType = wrapper.cfbundle; includeInIndex = 0; path = CalculatorTipTests.xctest; sourceTree = BUILT_PRODUCTS_DIR; };
		2643165E2032685A0084E566 /* CalculatorTipTests.swift */ = {isa = PBXFileReference; lastKnownFileType = sourcecode.swift; path = CalculatorTipTests.swift; sourceTree = "<group>"; };
		264316602032685A0084E566 /* Info.plist */ = {isa = PBXFileReference; lastKnownFileType = text.plist.xml; path = Info.plist; sourceTree = "<group>"; };
		264316652032685A0084E566 /* CalculatorTipUITests.xctest */ = {isa = PBXFileReference; explicitFileType = wrapper.cfbundle; includeInIndex = 0; path = CalculatorTipUITests.xctest; sourceTree = BUILT_PRODUCTS_DIR; };
		264316692032685A0084E566 /* CalculatorTipUITests.swift */ = {isa = PBXFileReference; lastKnownFileType = sourcecode.swift; path = CalculatorTipUITests.swift; sourceTree = "<group>"; };
		2643166B2032685A0084E566 /* Info.plist */ = {isa = PBXFileReference; lastKnownFileType = text.plist.xml; path = Info.plist; sourceTree = "<group>"; };
/* End PBXFileReference section */

/* Begin PBXFrameworksBuildPhase section */
		264316432032685A0084E566 /* Frameworks */ = {
			isa = PBXFrameworksBuildPhase;
			buildActionMask = 2147483647;
			files = (
			);
			runOnlyForDeploymentPostprocessing = 0;
		};
		264316572032685A0084E566 /* Frameworks */ = {
			isa = PBXFrameworksBuildPhase;
			buildActionMask = 2147483647;
			files = (
			);
			runOnlyForDeploymentPostprocessing = 0;
		};
		264316622032685A0084E566 /* Frameworks */ = {
			isa = PBXFrameworksBuildPhase;
			buildActionMask = 2147483647;
			files = (
			);
			runOnlyForDeploymentPostprocessing = 0;
		};
/* End PBXFrameworksBuildPhase section */

/* Begin PBXGroup section */
		2643163D2032685A0084E566 = {
			isa = PBXGroup;
			children = (
				264316482032685A0084E566 /* CalculatorTip */,
				2643165D2032685A0084E566 /* CalculatorTipTests */,
				264316682032685A0084E566 /* CalculatorTipUITests */,
				264316472032685A0084E566 /* Products */,
			);
			sourceTree = "<group>";
		};
		264316472032685A0084E566 /* Products */ = {
			isa = PBXGroup;
			children = (
				264316462032685A0084E566 /* CalculatorTip.app */,
				2643165A2032685A0084E566 /* CalculatorTipTests.xctest */,
				264316652032685A0084E566 /* CalculatorTipUITests.xctest */,
			);
			name = Products;
			sourceTree = "<group>";
		};
		264316482032685A0084E566 /* CalculatorTip */ = {
			isa = PBXGroup;
			children = (
				264316492032685A0084E566 /* AppDelegate.swift */,
				2643164B2032685A0084E566 /* ViewController.swift */,
				2643164D2032685A0084E566 /* Main.storyboard */,
				264316502032685A0084E566 /* Assets.xcassets */,
				264316522032685A0084E566 /* LaunchScreen.storyboard */,
				264316552032685A0084E566 /* Info.plist */,
			);
			path = CalculatorTip;
			sourceTree = "<group>";
		};
		2643165D2032685A0084E566 /* CalculatorTipTests */ = {
			isa = PBXGroup;
			children = (
				2643165E2032685A0084E566 /* CalculatorTipTests.swift */,
				264316602032685A0084E566 /* Info.plist */,
			);
			path = CalculatorTipTests;
			sourceTree = "<group>";
		};
		264316682032685A0084E566 /* CalculatorTipUITests */ = {
			isa = PBXGroup;
			children = (
				264316692032685A0084E566 /* CalculatorTipUITests.swift */,
				2643166B2032685A0084E566 /* Info.plist */,
			);
			path = CalculatorTipUITests;
			sourceTree = "<group>";
		};
/* End PBXGroup section */

/* Begin PBXNativeTarget section */
		264316452032685A0084E566 /* CalculatorTip */ = {
			isa = PBXNativeTarget;
			buildConfigurationList = 2643166E2032685A0084E566 /* Build configuration list for PBXNativeTarget "CalculatorTip" */;
			buildPhases = (
				264316422032685A0084E566 /* Sources */,
				264316432032685A0084E566 /* Frameworks */,
				264316442032685A0084E566 /* Resources */,
			);
			buildRules = (
			);
			dependencies = (
			);
			name = CalculatorTip;
			productName = CalculatorTip;
			productReference = 264316462032685A0084E566 /* CalculatorTip.app */;
			productType = "com.apple.product-type.application";
		};
		264316592032685A0084E566 /* CalculatorTipTests */ = {
			isa = PBXNativeTarget;
			buildConfigurationList = 264316712032685A0084E566 /* Build configuration list for PBXNativeTarget "CalculatorTipTests" */;
			buildPhases = (
				264316562032685A0084E566 /* Sources */,
				264316572032685A0084E566 /* Frameworks */,
				264316582032685A0084E566 /* Resources */,
			);
			buildRules = (
			);
			dependencies = (
				2643165C2032685A0084E566 /* PBXTargetDependency */,
			);
			name = CalculatorTipTests;
			productName = CalculatorTipTests;
			productReference = 2643165A2032685A0084E566 /* CalculatorTipTests.xctest */;
			productType = "com.apple.product-type.bundle.unit-test";
		};
		264316642032685A0084E566 /* CalculatorTipUITests */ = {
			isa = PBXNativeTarget;
			buildConfigurationList = 264316742032685A0084E566 /* Build configuration list for PBXNativeTarget "CalculatorTipUITests" */;
			buildPhases = (
				264316612032685A0084E566 /* Sources */,
				264316622032685A0084E566 /* Frameworks */,
				264316632032685A0084E566 /* Resources */,
			);
			buildRules = (
			);
			dependencies = (
				264316672032685A0084E566 /* PBXTargetDependency */,
			);
			name = CalculatorTipUITests;
			productName = CalculatorTipUITests;
			productReference = 264316652032685A0084E566 /* CalculatorTipUITests.xctest */;
			productType = "com.apple.product-type.bundle.ui-testing";
		};
/* End PBXNativeTarget section */

/* Begin PBXProject section */
		2643163E2032685A0084E566 /* Project object */ = {
			isa = PBXProject;
			attributes = {
				LastSwiftUpdateCheck = 0920;
				LastUpgradeCheck = 0920;
				ORGANIZATIONNAME = "Nguyen Tran";
				TargetAttributes = {
					264316452032685A0084E566 = {
						CreatedOnToolsVersion = 9.2;
						ProvisioningStyle = Automatic;
					};
					264316592032685A0084E566 = {
						CreatedOnToolsVersion = 9.2;
						ProvisioningStyle = Automatic;
						TestTargetID = 264316452032685A0084E566;
					};
					264316642032685A0084E566 = {
						CreatedOnToolsVersion = 9.2;
						ProvisioningStyle = Automatic;
						TestTargetID = 264316452032685A0084E566;
					};
				};
			};
			buildConfigurationList = 264316412032685A0084E566 /* Build configuration list for PBXProject "CalculatorTip" */;
			compatibilityVersion = "Xcode 8.0";
			developmentRegion = en;
			hasScannedForEncodings = 0;
			knownRegions = (
				en,
				Base,
			);
			mainGroup = 2643163D2032685A0084E566;
			productRefGroup = 264316472032685A0084E566 /* Products */;
			projectDirPath = "";
			projectRoot = "";
			targets = (
				264316452032685A0084E566 /* CalculatorTip */,
				264316592032685A0084E566 /* CalculatorTipTests */,
				264316642032685A0084E566 /* CalculatorTipUITests */,
			);
		};
/* End PBXProject section */

/* Begin PBXResourcesBuildPhase section */
		264316442032685A0084E566 /* Resources */ = {
			isa = PBXResourcesBuildPhase;
			buildActionMask = 2147483647;
			files = (
				264316542032685A0084E566 /* LaunchScreen.storyboard in Resources */,
				264316512032685A0084E566 /* Assets.xcassets in Resources */,
				2643164F2032685A0084E566 /* Main.storyboard in Resources */,
			);
			runOnlyForDeploymentPostprocessing = 0;
		};
		264316582032685A0084E566 /* Resources */ = {
			isa = PBXResourcesBuildPhase;
			buildActionMask = 2147483647;
			files = (
			);
			runOnlyForDeploymentPostprocessing = 0;
		};
		264316632032685A0084E566 /* Resources */ = {
			isa = PBXResourcesBuildPhase;
			buildActionMask = 2147483647;
			files = (
			);
			runOnlyForDeploymentPostprocessing = 0;
		};
/* End PBXResourcesBuildPhase section */

/* Begin PBXSourcesBuildPhase section */
		264316422032685A0084E566 /* Sources */ = {
			isa = PBXSourcesBuildPhase;
			buildActionMask = 2147483647;
			files = (
				2643164C2032685A0084E566 /* ViewController.swift in Sources */,
				2643164A2032685A0084E566 /* AppDelegate.swift in Sources */,
			);
			runOnlyForDeploymentPostprocessing = 0;
		};
		264316562032685A0084E566 /* Sources */ = {
			isa = PBXSourcesBuildPhase;
			buildActionMask = 2147483647;
			files = (
				2643165F2032685A0084E566 /* CalculatorTipTests.swift in Sources */,
			);
			runOnlyForDeploymentPostprocessing = 0;
		};
		264316612032685A0084E566 /* Sources */ = {
			isa = PBXSourcesBuildPhase;
			buildActionMask = 2147483647;
			files = (
				2643166A2032685A0084E566 /* CalculatorTipUITests.swift in Sources */,
			);
			runOnlyForDeploymentPostprocessing = 0;
		};
/* End PBXSourcesBuildPhase section */

/* Begin PBXTargetDependency section */
		2643165C2032685A0084E566 /* PBXTargetDependency */ = {
			isa = PBXTargetDependency;
			target = 264316452032685A0084E566 /* CalculatorTip */;
			targetProxy = 2643165B2032685A0084E566 /* PBXContainerItemProxy */;
		};
		264316672032685A0084E566 /* PBXTargetDependency */ = {
			isa = PBXTargetDependency;
			target = 264316452032685A0084E566 /* CalculatorTip */;
			targetProxy = 264316662032685A0084E566 /* PBXContainerItemProxy */;
		};
/* End PBXTargetDependency section */

/* Begin PBXVariantGroup section */
		2643164D2032685A0084E566 /* Main.storyboard */ = {
			isa = PBXVariantGroup;
			children = (
				2643164E2032685A0084E566 /* Base */,
			);
			name = Main.storyboard;
			sourceTree = "<group>";
		};
		264316522032685A0084E566 /* LaunchScreen.storyboard */ = {
			isa = PBXVariantGroup;
			children = (
				264316532032685A0084E566 /* Base */,
			);
			name = LaunchScreen.storyboard;
			sourceTree = "<group>";
		};
/* End PBXVariantGroup section */

/* Begin XCBuildConfiguration section */
		2643166C2032685A0084E566 /* Debug */ = {
			isa = XCBuildConfiguration;
			buildSettings = {
				ALWAYS_SEARCH_USER_PATHS = NO;
				CLANG_ANALYZER_NONNULL = YES;
				CLANG_ANALYZER_NUMBER_OBJECT_CONVERSION = YES_AGGRESSIVE;
				CLANG_CXX_LANGUAGE_STANDARD = "gnu++14";
				CLANG_CXX_LIBRARY = "libc++";
				CLANG_ENABLE_MODULES = YES;
				CLANG_ENABLE_OBJC_ARC = YES;
				CLANG_WARN_BLOCK_CAPTURE_AUTORELEASING = YES;
				CLANG_WARN_BOOL_CONVERSION = YES;
				CLANG_WARN_COMMA = YES;
				CLANG_WARN_CONSTANT_CONVERSION = YES;
				CLANG_WARN_DIRECT_OBJC_ISA_USAGE = YES_ERROR;
				CLANG_WARN_DOCUMENTATION_COMMENTS = YES;
				CLANG_WARN_EMPTY_BODY = YES;
				CLANG_WARN_ENUM_CONVERSION = YES;
				CLANG_WARN_INFINITE_RECURSION = YES;
				CLANG_WARN_INT_CONVERSION = YES;
				CLANG_WARN_NON_LITERAL_NULL_CONVERSION = YES;
				CLANG_WARN_OBJC_LITERAL_CONVERSION = YES;
				CLANG_WARN_OBJC_ROOT_CLASS = YES_ERROR;
				CLANG_WARN_RANGE_LOOP_ANALYSIS = YES;
				CLANG_WARN_STRICT_PROTOTYPES = YES;
				CLANG_WARN_SUSPICIOUS_MOVE = YES;
				CLANG_WARN_UNGUARDED_AVAILABILITY = YES_AGGRESSIVE;
				CLANG_WARN_UNREACHABLE_CODE = YES;
				CLANG_WARN__DUPLICATE_METHOD_MATCH = YES;
				CODE_SIGN_IDENTITY = "iPhone Developer";
				COPY_PHASE_STRIP = NO;
				DEBUG_INFORMATION_FORMAT = dwarf;
				ENABLE_STRICT_OBJC_MSGSEND = YES;
				ENABLE_TESTABILITY = YES;
				GCC_C_LANGUAGE_STANDARD = gnu11;
				GCC_DYNAMIC_NO_PIC = NO;
				GCC_NO_COMMON_BLOCKS = YES;
				GCC_OPTIMIZATION_LEVEL = 0;
				GCC_PREPROCESSOR_DEFINITIONS = (
					"DEBUG=1",
					"$(inherited)",
				);
				GCC_WARN_64_TO_32_BIT_CONVERSION = YES;
				GCC_WARN_ABOUT_RETURN_TYPE = YES_ERROR;
				GCC_WARN_UNDECLARED_SELECTOR = YES;
				GCC_WARN_UNINITIALIZED_AUTOS = YES_AGGRESSIVE;
				GCC_WARN_UNUSED_FUNCTION = YES;
				GCC_WARN_UNUSED_VARIABLE = YES;
				IPHONEOS_DEPLOYMENT_TARGET = 11.2;
				MTL_ENABLE_DEBUG_INFO = YES;
				ONLY_ACTIVE_ARCH = YES;
				SDKROOT = iphoneos;
				SWIFT_ACTIVE_COMPILATION_CONDITIONS = DEBUG;
				SWIFT_OPTIMIZATION_LEVEL = "-Onone";
			};
			name = Debug;
		};
		2643166D2032685A0084E566 /* Release */ = {
			isa = XCBuildConfiguration;
			buildSettings = {
				ALWAYS_SEARCH_USER_PATHS = NO;
				CLANG_ANALYZER_NONNULL = YES;
				CLANG_ANALYZER_NUMBER_OBJECT_CONVERSION = YES_AGGRESSIVE;
				CLANG_CXX_LANGUAGE_STANDARD = "gnu++14";
				CLANG_CXX_LIBRARY = "libc++";
				CLANG_ENABLE_MODULES = YES;
				CLANG_ENABLE_OBJC_ARC = YES;
				CLANG_WARN_BLOCK_CAPTURE_AUTORELEASING = YES;
				CLANG_WARN_BOOL_CONVERSION = YES;
				CLANG_WARN_COMMA = YES;
				CLANG_WARN_CONSTANT_CONVERSION = YES;
				CLANG_WARN_DIRECT_OBJC_ISA_USAGE = YES_ERROR;
				CLANG_WARN_DOCUMENTATION_COMMENTS = YES;
				CLANG_WARN_EMPTY_BODY = YES;
				CLANG_WARN_ENUM_CONVERSION = YES;
				CLANG_WARN_INFINITE_RECURSION = YES;
				CLANG_WARN_INT_CONVERSION = YES;
				CLANG_WARN_NON_LITERAL_NULL_CONVERSION = YES;
				CLANG_WARN_OBJC_LITERAL_CONVERSION = YES;
				CLANG_WARN_OBJC_ROOT_CLASS = YES_ERROR;
				CLANG_WARN_RANGE_LOOP_ANALYSIS = YES;
				CLANG_WARN_STRICT_PROTOTYPES = YES;
				CLANG_WARN_SUSPICIOUS_MOVE = YES;
				CLANG_WARN_UNGUARDED_AVAILABILITY = YES_AGGRESSIVE;
				CLANG_WARN_UNREACHABLE_CODE = YES;
				CLANG_WARN__DUPLICATE_METHOD_MATCH = YES;
				CODE_SIGN_IDENTITY = "iPhone Developer";
				COPY_PHASE_STRIP = NO;
				DEBUG_INFORMATION_FORMAT = "dwarf-with-dsym";
				ENABLE_NS_ASSERTIONS = NO;
				ENABLE_STRICT_OBJC_MSGSEND = YES;
				GCC_C_LANGUAGE_STANDARD = gnu11;
				GCC_NO_COMMON_BLOCKS = YES;
				GCC_WARN_64_TO_32_BIT_CONVERSION = YES;
				GCC_WARN_ABOUT_RETURN_TYPE = YES_ERROR;
				GCC_WARN_UNDECLARED_SELECTOR = YES;
				GCC_WARN_UNINITIALIZED_AUTOS = YES_AGGRESSIVE;
				GCC_WARN_UNUSED_FUNCTION = YES;
				GCC_WARN_UNUSED_VARIABLE = YES;
				IPHONEOS_DEPLOYMENT_TARGET = 11.2;
				MTL_ENABLE_DEBUG_INFO = NO;
				SDKROOT = iphoneos;
				SWIFT_OPTIMIZATION_LEVEL = "-Owholemodule";
				VALIDATE_PRODUCT = YES;
			};
			name = Release;
		};
		2643166F2032685A0084E566 /* Debug */ = {
			isa = XCBuildConfiguration;
			buildSettings = {
				ASSETCATALOG_COMPILER_APPICON_NAME = AppIcon;
				CODE_SIGN_STYLE = Automatic;
				INFOPLIST_FILE = CalculatorTip/Info.plist;
				LD_RUNPATH_SEARCH_PATHS = "$(inherited) @executable_path/Frameworks";
				PRODUCT_BUNDLE_IDENTIFIER = "-1.CalculatorTip";
				PRODUCT_NAME = "$(TARGET_NAME)";
				SWIFT_VERSION = 4.0;
				TARGETED_DEVICE_FAMILY = "1,2";
			};
			name = Debug;
		};
		264316702032685A0084E566 /* Release */ = {
			isa = XCBuildConfiguration;
			buildSettings = {
				ASSETCATALOG_COMPILER_APPICON_NAME = AppIcon;
				CODE_SIGN_STYLE = Automatic;
				INFOPLIST_FILE = CalculatorTip/Info.plist;
				LD_RUNPATH_SEARCH_PATHS = "$(inherited) @executable_path/Frameworks";
				PRODUCT_BUNDLE_IDENTIFIER = "-1.CalculatorTip";
				PRODUCT_NAME = "$(TARGET_NAME)";
				SWIFT_VERSION = 4.0;
				TARGETED_DEVICE_FAMILY = "1,2";
			};
			name = Release;
		};
		264316722032685A0084E566 /* Debug */ = {
			isa = XCBuildConfiguration;
			buildSettings = {
				ALWAYS_EMBED_SWIFT_STANDARD_LIBRARIES = YES;
				BUNDLE_LOADER = "$(TEST_HOST)";
				CODE_SIGN_STYLE = Automatic;
				INFOPLIST_FILE = CalculatorTipTests/Info.plist;
				LD_RUNPATH_SEARCH_PATHS = "$(inherited) @executable_path/Frameworks @loader_path/Frameworks";
				PRODUCT_BUNDLE_IDENTIFIER = "-1.CalculatorTipTests";
				PRODUCT_NAME = "$(TARGET_NAME)";
				SWIFT_VERSION = 4.0;
				TARGETED_DEVICE_FAMILY = "1,2";
				TEST_HOST = "$(BUILT_PRODUCTS_DIR)/CalculatorTip.app/CalculatorTip";
			};
			name = Debug;
		};
		264316732032685A0084E566 /* Release */ = {
			isa = XCBuildConfiguration;
			buildSettings = {
				ALWAYS_EMBED_SWIFT_STANDARD_LIBRARIES = YES;
				BUNDLE_LOADER = "$(TEST_HOST)";
				CODE_SIGN_STYLE = Automatic;
				INFOPLIST_FILE = CalculatorTipTests/Info.plist;
				LD_RUNPATH_SEARCH_PATHS = "$(inherited) @executable_path/Frameworks @loader_path/Frameworks";
				PRODUCT_BUNDLE_IDENTIFIER = "-1.CalculatorTipTests";
				PRODUCT_NAME = "$(TARGET_NAME)";
				SWIFT_VERSION = 4.0;
				TARGETED_DEVICE_FAMILY = "1,2";
				TEST_HOST = "$(BUILT_PRODUCTS_DIR)/CalculatorTip.app/CalculatorTip";
			};
			name = Release;
		};
		264316752032685A0084E566 /* Debug */ = {
			isa = XCBuildConfiguration;
			buildSettings = {
				ALWAYS_EMBED_SWIFT_STANDARD_LIBRARIES = YES;
				CODE_SIGN_STYLE = Automatic;
				INFOPLIST_FILE = CalculatorTipUITests/Info.plist;
				LD_RUNPATH_SEARCH_PATHS = "$(inherited) @executable_path/Frameworks @loader_path/Frameworks";
				PRODUCT_BUNDLE_IDENTIFIER = "-1.CalculatorTipUITests";
				PRODUCT_NAME = "$(TARGET_NAME)";
				SWIFT_VERSION = 4.0;
				TARGETED_DEVICE_FAMILY = "1,2";
				TEST_TARGET_NAME = CalculatorTip;
			};
			name = Debug;
		};
		264316762032685A0084E566 /* Release */ = {
			isa = XCBuildConfiguration;
			buildSettings = {
				ALWAYS_EMBED_SWIFT_STANDARD_LIBRARIES = YES;
				CODE_SIGN_STYLE = Automatic;
				INFOPLIST_FILE = CalculatorTipUITests/Info.plist;
				LD_RUNPATH_SEARCH_PATHS = "$(inherited) @executable_path/Frameworks @loader_path/Frameworks";
				PRODUCT_BUNDLE_IDENTIFIER = "-1.CalculatorTipUITests";
				PRODUCT_NAME = "$(TARGET_NAME)";
				SWIFT_VERSION = 4.0;
				TARGETED_DEVICE_FAMILY = "1,2";
				TEST_TARGET_NAME = CalculatorTip;
			};
			name = Release;
		};
/* End XCBuildConfiguration section */

/* Begin XCConfigurationList section */
		264316412032685A0084E566 /* Build configuration list for PBXProject "CalculatorTip" */ = {
			isa = XCConfigurationList;
			buildConfigurations = (
				2643166C2032685A0084E566 /* Debug */,
				2643166D2032685A0084E566 /* Release */,
			);
			defaultConfigurationIsVisible = 0;
			defaultConfigurationName = Release;
		};
		2643166E2032685A0084E566 /* Build configuration list for PBXNativeTarget "CalculatorTip" */ = {
			isa = XCConfigurationList;
			buildConfigurations = (
				2643166F2032685A0084E566 /* Debug */,
				264316702032685A0084E566 /* Release */,
			);
			defaultConfigurationIsVisible = 0;
			defaultConfigurationName = Release;
		};
		264316712032685A0084E566 /* Build configuration list for PBXNativeTarget "CalculatorTipTests" */ = {
			isa = XCConfigurationList;
			buildConfigurations = (
				264316722032685A0084E566 /* Debug */,
				264316732032685A0084E566 /* Release */,
			);
			defaultConfigurationIsVisible = 0;
			defaultConfigurationName = Release;
		};
		264316742032685A0084E566 /* Build configuration list for PBXNativeTarget "CalculatorTipUITests" */ = {
			isa = XCConfigurationList;
			buildConfigurations = (
				264316752032685A0084E566 /* Debug */,
				264316762032685A0084E566 /* Release */,
			);
			defaultConfigurationIsVisible = 0;
			defaultConfigurationName = Release;
		};
/* End XCConfigurationList section */
	};
	rootObject = 2643163E2032685A0084E566 /* Project object */;
}
