// !$*UTF8*$!
{
	archiveVersion = 1;
	classes = {
	};
	objectVersion = 50;
	objects = {

/* Begin PBXBuildFile section */
		2610346520732AC900D0E65E /* AppDelegate.swift in Sources */ = {isa = PBXBuildFile; fileRef = 2610346420732AC900D0E65E /* AppDelegate.swift */; };
		2610346720732AC900D0E65E /* ViewController.swift in Sources */ = {isa = PBXBuildFile; fileRef = 2610346620732AC900D0E65E /* ViewController.swift */; };
		2610346A20732AC900D0E65E /* Main.storyboard in Resources */ = {isa = PBXBuildFile; fileRef = 2610346820732AC900D0E65E /* Main.storyboard */; };
		2610346C20732ACC00D0E65E /* Assets.xcassets in Resources */ = {isa = PBXBuildFile; fileRef = 2610346B20732ACC00D0E65E /* Assets.xcassets */; };
		2610346F20732ACC00D0E65E /* LaunchScreen.storyboard in Resources */ = {isa = PBXBuildFile; fileRef = 2610346D20732ACC00D0E65E /* LaunchScreen.storyboard */; };
		2610347A20732ACC00D0E65E /* CrosswordPuzzleTests.swift in Sources */ = {isa = PBXBuildFile; fileRef = 2610347920732ACC00D0E65E /* CrosswordPuzzleTests.swift */; };
		2610348520732ACC00D0E65E /* CrosswordPuzzleUITests.swift in Sources */ = {isa = PBXBuildFile; fileRef = 2610348420732ACC00D0E65E /* CrosswordPuzzleUITests.swift */; };
/* End PBXBuildFile section */

/* Begin PBXContainerItemProxy section */
		2610347620732ACC00D0E65E /* PBXContainerItemProxy */ = {
			isa = PBXContainerItemProxy;
			containerPortal = 2610345920732AC900D0E65E /* Project object */;
			proxyType = 1;
			remoteGlobalIDString = 2610346020732AC900D0E65E;
			remoteInfo = CrosswordPuzzle;
		};
		2610348120732ACC00D0E65E /* PBXContainerItemProxy */ = {
			isa = PBXContainerItemProxy;
			containerPortal = 2610345920732AC900D0E65E /* Project object */;
			proxyType = 1;
			remoteGlobalIDString = 2610346020732AC900D0E65E;
			remoteInfo = CrosswordPuzzle;
		};
/* End PBXContainerItemProxy section */

/* Begin PBXFileReference section */
		2610346120732AC900D0E65E /* CrosswordPuzzle.app */ = {isa = PBXFileReference; explicitFileType = wrapper.application; includeInIndex = 0; path = CrosswordPuzzle.app; sourceTree = BUILT_PRODUCTS_DIR; };
		2610346420732AC900D0E65E /* AppDelegate.swift */ = {isa = PBXFileReference; lastKnownFileType = sourcecode.swift; path = AppDelegate.swift; sourceTree = "<group>"; };
		2610346620732AC900D0E65E /* ViewController.swift */ = {isa = PBXFileReference; lastKnownFileType = sourcecode.swift; path = ViewController.swift; sourceTree = "<group>"; };
		2610346920732AC900D0E65E /* Base */ = {isa = PBXFileReference; lastKnownFileType = file.storyboard; name = Base; path = Base.lproj/Main.storyboard; sourceTree = "<group>"; };
		2610346B20732ACC00D0E65E /* Assets.xcassets */ = {isa = PBXFileReference; lastKnownFileType = folder.assetcatalog; path = Assets.xcassets; sourceTree = "<group>"; };
		2610346E20732ACC00D0E65E /* Base */ = {isa = PBXFileReference; lastKnownFileType = file.storyboard; name = Base; path = Base.lproj/LaunchScreen.storyboard; sourceTree = "<group>"; };
		2610347020732ACC00D0E65E /* Info.plist */ = {isa = PBXFileReference; lastKnownFileType = text.plist.xml; path = Info.plist; sourceTree = "<group>"; };
		2610347520732ACC00D0E65E /* CrosswordPuzzleTests.xctest */ = {isa = PBXFileReference; explicitFileType = wrapper.cfbundle; includeInIndex = 0; path = CrosswordPuzzleTests.xctest; sourceTree = BUILT_PRODUCTS_DIR; };
		2610347920732ACC00D0E65E /* CrosswordPuzzleTests.swift */ = {isa = PBXFileReference; lastKnownFileType = sourcecode.swift; path = CrosswordPuzzleTests.swift; sourceTree = "<group>"; };
		2610347B20732ACC00D0E65E /* Info.plist */ = {isa = PBXFileReference; lastKnownFileType = text.plist.xml; path = Info.plist; sourceTree = "<group>"; };
		2610348020732ACC00D0E65E /* CrosswordPuzzleUITests.xctest */ = {isa = PBXFileReference; explicitFileType = wrapper.cfbundle; includeInIndex = 0; path = CrosswordPuzzleUITests.xctest; sourceTree = BUILT_PRODUCTS_DIR; };
		2610348420732ACC00D0E65E /* CrosswordPuzzleUITests.swift */ = {isa = PBXFileReference; lastKnownFileType = sourcecode.swift; path = CrosswordPuzzleUITests.swift; sourceTree = "<group>"; };
		2610348620732ACC00D0E65E /* Info.plist */ = {isa = PBXFileReference; lastKnownFileType = text.plist.xml; path = Info.plist; sourceTree = "<group>"; };
/* End PBXFileReference section */

/* Begin PBXFrameworksBuildPhase section */
		2610345E20732AC900D0E65E /* Frameworks */ = {
			isa = PBXFrameworksBuildPhase;
			buildActionMask = 2147483647;
			files = (
			);
			runOnlyForDeploymentPostprocessing = 0;
		};
		2610347220732ACC00D0E65E /* Frameworks */ = {
			isa = PBXFrameworksBuildPhase;
			buildActionMask = 2147483647;
			files = (
			);
			runOnlyForDeploymentPostprocessing = 0;
		};
		2610347D20732ACC00D0E65E /* Frameworks */ = {
			isa = PBXFrameworksBuildPhase;
			buildActionMask = 2147483647;
			files = (
			);
			runOnlyForDeploymentPostprocessing = 0;
		};
/* End PBXFrameworksBuildPhase section */

/* Begin PBXGroup section */
		2610345820732AC900D0E65E = {
			isa = PBXGroup;
			children = (
				2610346320732AC900D0E65E /* CrosswordPuzzle */,
				2610347820732ACC00D0E65E /* CrosswordPuzzleTests */,
				2610348320732ACC00D0E65E /* CrosswordPuzzleUITests */,
				2610346220732AC900D0E65E /* Products */,
			);
			sourceTree = "<group>";
		};
		2610346220732AC900D0E65E /* Products */ = {
			isa = PBXGroup;
			children = (
				2610346120732AC900D0E65E /* CrosswordPuzzle.app */,
				2610347520732ACC00D0E65E /* CrosswordPuzzleTests.xctest */,
				2610348020732ACC00D0E65E /* CrosswordPuzzleUITests.xctest */,
			);
			name = Products;
			sourceTree = "<group>";
		};
		2610346320732AC900D0E65E /* CrosswordPuzzle */ = {
			isa = PBXGroup;
			children = (
				2610346420732AC900D0E65E /* AppDelegate.swift */,
				2610346620732AC900D0E65E /* ViewController.swift */,
				2610346820732AC900D0E65E /* Main.storyboard */,
				2610346B20732ACC00D0E65E /* Assets.xcassets */,
				2610346D20732ACC00D0E65E /* LaunchScreen.storyboard */,
				2610347020732ACC00D0E65E /* Info.plist */,
			);
			path = CrosswordPuzzle;
			sourceTree = "<group>";
		};
		2610347820732ACC00D0E65E /* CrosswordPuzzleTests */ = {
			isa = PBXGroup;
			children = (
				2610347920732ACC00D0E65E /* CrosswordPuzzleTests.swift */,
				2610347B20732ACC00D0E65E /* Info.plist */,
			);
			path = CrosswordPuzzleTests;
			sourceTree = "<group>";
		};
		2610348320732ACC00D0E65E /* CrosswordPuzzleUITests */ = {
			isa = PBXGroup;
			children = (
				2610348420732ACC00D0E65E /* CrosswordPuzzleUITests.swift */,
				2610348620732ACC00D0E65E /* Info.plist */,
			);
			path = CrosswordPuzzleUITests;
			sourceTree = "<group>";
		};
/* End PBXGroup section */

/* Begin PBXNativeTarget section */
		2610346020732AC900D0E65E /* CrosswordPuzzle */ = {
			isa = PBXNativeTarget;
			buildConfigurationList = 2610348920732ACC00D0E65E /* Build configuration list for PBXNativeTarget "CrosswordPuzzle" */;
			buildPhases = (
				2610345D20732AC900D0E65E /* Sources */,
				2610345E20732AC900D0E65E /* Frameworks */,
				2610345F20732AC900D0E65E /* Resources */,
			);
			buildRules = (
			);
			dependencies = (
			);
			name = CrosswordPuzzle;
			productName = CrosswordPuzzle;
			productReference = 2610346120732AC900D0E65E /* CrosswordPuzzle.app */;
			productType = "com.apple.product-type.application";
		};
		2610347420732ACC00D0E65E /* CrosswordPuzzleTests */ = {
			isa = PBXNativeTarget;
			buildConfigurationList = 2610348C20732ACC00D0E65E /* Build configuration list for PBXNativeTarget "CrosswordPuzzleTests" */;
			buildPhases = (
				2610347120732ACC00D0E65E /* Sources */,
				2610347220732ACC00D0E65E /* Frameworks */,
				2610347320732ACC00D0E65E /* Resources */,
			);
			buildRules = (
			);
			dependencies = (
				2610347720732ACC00D0E65E /* PBXTargetDependency */,
			);
			name = CrosswordPuzzleTests;
			productName = CrosswordPuzzleTests;
			productReference = 2610347520732ACC00D0E65E /* CrosswordPuzzleTests.xctest */;
			productType = "com.apple.product-type.bundle.unit-test";
		};
		2610347F20732ACC00D0E65E /* CrosswordPuzzleUITests */ = {
			isa = PBXNativeTarget;
			buildConfigurationList = 2610348F20732ACC00D0E65E /* Build configuration list for PBXNativeTarget "CrosswordPuzzleUITests" */;
			buildPhases = (
				2610347C20732ACC00D0E65E /* Sources */,
				2610347D20732ACC00D0E65E /* Frameworks */,
				2610347E20732ACC00D0E65E /* Resources */,
			);
			buildRules = (
			);
			dependencies = (
				2610348220732ACC00D0E65E /* PBXTargetDependency */,
			);
			name = CrosswordPuzzleUITests;
			productName = CrosswordPuzzleUITests;
			productReference = 2610348020732ACC00D0E65E /* CrosswordPuzzleUITests.xctest */;
			productType = "com.apple.product-type.bundle.ui-testing";
		};
/* End PBXNativeTarget section */

/* Begin PBXProject section */
		2610345920732AC900D0E65E /* Project object */ = {
			isa = PBXProject;
			attributes = {
				LastSwiftUpdateCheck = 0930;
				LastUpgradeCheck = 0930;
				ORGANIZATIONNAME = "Nguyen Tran";
				TargetAttributes = {
					2610346020732AC900D0E65E = {
						CreatedOnToolsVersion = 9.3;
					};
					2610347420732ACC00D0E65E = {
						CreatedOnToolsVersion = 9.3;
						TestTargetID = 2610346020732AC900D0E65E;
					};
					2610347F20732ACC00D0E65E = {
						CreatedOnToolsVersion = 9.3;
						TestTargetID = 2610346020732AC900D0E65E;
					};
				};
			};
			buildConfigurationList = 2610345C20732AC900D0E65E /* Build configuration list for PBXProject "CrosswordPuzzle" */;
			compatibilityVersion = "Xcode 9.3";
			developmentRegion = en;
			hasScannedForEncodings = 0;
			knownRegions = (
				en,
				Base,
			);
			mainGroup = 2610345820732AC900D0E65E;
			productRefGroup = 2610346220732AC900D0E65E /* Products */;
			projectDirPath = "";
			projectRoot = "";
			targets = (
				2610346020732AC900D0E65E /* CrosswordPuzzle */,
				2610347420732ACC00D0E65E /* CrosswordPuzzleTests */,
				2610347F20732ACC00D0E65E /* CrosswordPuzzleUITests */,
			);
		};
/* End PBXProject section */

/* Begin PBXResourcesBuildPhase section */
		2610345F20732AC900D0E65E /* Resources */ = {
			isa = PBXResourcesBuildPhase;
			buildActionMask = 2147483647;
			files = (
				2610346F20732ACC00D0E65E /* LaunchScreen.storyboard in Resources */,
				2610346C20732ACC00D0E65E /* Assets.xcassets in Resources */,
				2610346A20732AC900D0E65E /* Main.storyboard in Resources */,
			);
			runOnlyForDeploymentPostprocessing = 0;
		};
		2610347320732ACC00D0E65E /* Resources */ = {
			isa = PBXResourcesBuildPhase;
			buildActionMask = 2147483647;
			files = (
			);
			runOnlyForDeploymentPostprocessing = 0;
		};
		2610347E20732ACC00D0E65E /* Resources */ = {
			isa = PBXResourcesBuildPhase;
			buildActionMask = 2147483647;
			files = (
			);
			runOnlyForDeploymentPostprocessing = 0;
		};
/* End PBXResourcesBuildPhase section */

/* Begin PBXSourcesBuildPhase section */
		2610345D20732AC900D0E65E /* Sources */ = {
			isa = PBXSourcesBuildPhase;
			buildActionMask = 2147483647;
			files = (
				2610346720732AC900D0E65E /* ViewController.swift in Sources */,
				2610346520732AC900D0E65E /* AppDelegate.swift in Sources */,
			);
			runOnlyForDeploymentPostprocessing = 0;
		};
		2610347120732ACC00D0E65E /* Sources */ = {
			isa = PBXSourcesBuildPhase;
			buildActionMask = 2147483647;
			files = (
				2610347A20732ACC00D0E65E /* CrosswordPuzzleTests.swift in Sources */,
			);
			runOnlyForDeploymentPostprocessing = 0;
		};
		2610347C20732ACC00D0E65E /* Sources */ = {
			isa = PBXSourcesBuildPhase;
			buildActionMask = 2147483647;
			files = (
				2610348520732ACC00D0E65E /* CrosswordPuzzleUITests.swift in Sources */,
			);
			runOnlyForDeploymentPostprocessing = 0;
		};
/* End PBXSourcesBuildPhase section */

/* Begin PBXTargetDependency section */
		2610347720732ACC00D0E65E /* PBXTargetDependency */ = {
			isa = PBXTargetDependency;
			target = 2610346020732AC900D0E65E /* CrosswordPuzzle */;
			targetProxy = 2610347620732ACC00D0E65E /* PBXContainerItemProxy */;
		};
		2610348220732ACC00D0E65E /* PBXTargetDependency */ = {
			isa = PBXTargetDependency;
			target = 2610346020732AC900D0E65E /* CrosswordPuzzle */;
			targetProxy = 2610348120732ACC00D0E65E /* PBXContainerItemProxy */;
		};
/* End PBXTargetDependency section */

/* Begin PBXVariantGroup section */
		2610346820732AC900D0E65E /* Main.storyboard */ = {
			isa = PBXVariantGroup;
			children = (
				2610346920732AC900D0E65E /* Base */,
			);
			name = Main.storyboard;
			sourceTree = "<group>";
		};
		2610346D20732ACC00D0E65E /* LaunchScreen.storyboard */ = {
			isa = PBXVariantGroup;
			children = (
				2610346E20732ACC00D0E65E /* Base */,
			);
			name = LaunchScreen.storyboard;
			sourceTree = "<group>";
		};
/* End PBXVariantGroup section */

/* Begin XCBuildConfiguration section */
		2610348720732ACC00D0E65E /* Debug */ = {
			isa = XCBuildConfiguration;
			buildSettings = {
				ALWAYS_SEARCH_USER_PATHS = NO;
				CLANG_ANALYZER_NONNULL = YES;
				CLANG_ANALYZER_NUMBER_OBJECT_CONVERSION = YES_AGGRESSIVE;
				CLANG_CXX_LANGUAGE_STANDARD = "gnu++14";
				CLANG_CXX_LIBRARY = "libc++";
				CLANG_ENABLE_MODULES = YES;
				CLANG_ENABLE_OBJC_ARC = YES;
				CLANG_ENABLE_OBJC_WEAK = YES;
				CLANG_WARN_BLOCK_CAPTURE_AUTORELEASING = YES;
				CLANG_WARN_BOOL_CONVERSION = YES;
				CLANG_WARN_COMMA = YES;
				CLANG_WARN_CONSTANT_CONVERSION = YES;
				CLANG_WARN_DEPRECATED_OBJC_IMPLEMENTATIONS = YES;
				CLANG_WARN_DIRECT_OBJC_ISA_USAGE = YES_ERROR;
				CLANG_WARN_DOCUMENTATION_COMMENTS = YES;
				CLANG_WARN_EMPTY_BODY = YES;
				CLANG_WARN_ENUM_CONVERSION = YES;
				CLANG_WARN_INFINITE_RECURSION = YES;
				CLANG_WARN_INT_CONVERSION = YES;
				CLANG_WARN_NON_LITERAL_NULL_CONVERSION = YES;
				CLANG_WARN_OBJC_IMPLICIT_RETAIN_SELF = YES;
				CLANG_WARN_OBJC_LITERAL_CONVERSION = YES;
				CLANG_WARN_OBJC_ROOT_CLASS = YES_ERROR;
				CLANG_WARN_RANGE_LOOP_ANALYSIS = YES;
				CLANG_WARN_STRICT_PROTOTYPES = YES;
				CLANG_WARN_SUSPICIOUS_MOVE = YES;
				CLANG_WARN_UNGUARDED_AVAILABILITY = YES_AGGRESSIVE;
				CLANG_WARN_UNREACHABLE_CODE = YES;
				CLANG_WARN__DUPLICATE_METHOD_MATCH = YES;
				CODE_SIGN_IDENTITY = "iPhone Developer";
				COPY_PHASE_STRIP = NO;
				DEBUG_INFORMATION_FORMAT = dwarf;
				ENABLE_STRICT_OBJC_MSGSEND = YES;
				ENABLE_TESTABILITY = YES;
				GCC_C_LANGUAGE_STANDARD = gnu11;
				GCC_DYNAMIC_NO_PIC = NO;
				GCC_NO_COMMON_BLOCKS = YES;
				GCC_OPTIMIZATION_LEVEL = 0;
				GCC_PREPROCESSOR_DEFINITIONS = (
					"DEBUG=1",
					"$(inherited)",
				);
				GCC_WARN_64_TO_32_BIT_CONVERSION = YES;
				GCC_WARN_ABOUT_RETURN_TYPE = YES_ERROR;
				GCC_WARN_UNDECLARED_SELECTOR = YES;
				GCC_WARN_UNINITIALIZED_AUTOS = YES_AGGRESSIVE;
				GCC_WARN_UNUSED_FUNCTION = YES;
				GCC_WARN_UNUSED_VARIABLE = YES;
				IPHONEOS_DEPLOYMENT_TARGET = 11.3;
				MTL_ENABLE_DEBUG_INFO = YES;
				ONLY_ACTIVE_ARCH = YES;
				SDKROOT = iphoneos;
				SWIFT_ACTIVE_COMPILATION_CONDITIONS = DEBUG;
				SWIFT_OPTIMIZATION_LEVEL = "-Onone";
			};
			name = Debug;
		};
		2610348820732ACC00D0E65E /* Release */ = {
			isa = XCBuildConfiguration;
			buildSettings = {
				ALWAYS_SEARCH_USER_PATHS = NO;
				CLANG_ANALYZER_NONNULL = YES;
				CLANG_ANALYZER_NUMBER_OBJECT_CONVERSION = YES_AGGRESSIVE;
				CLANG_CXX_LANGUAGE_STANDARD = "gnu++14";
				CLANG_CXX_LIBRARY = "libc++";
				CLANG_ENABLE_MODULES = YES;
				CLANG_ENABLE_OBJC_ARC = YES;
				CLANG_ENABLE_OBJC_WEAK = YES;
				CLANG_WARN_BLOCK_CAPTURE_AUTORELEASING = YES;
				CLANG_WARN_BOOL_CONVERSION = YES;
				CLANG_WARN_COMMA = YES;
				CLANG_WARN_CONSTANT_CONVERSION = YES;
				CLANG_WARN_DEPRECATED_OBJC_IMPLEMENTATIONS = YES;
				CLANG_WARN_DIRECT_OBJC_ISA_USAGE = YES_ERROR;
				CLANG_WARN_DOCUMENTATION_COMMENTS = YES;
				CLANG_WARN_EMPTY_BODY = YES;
				CLANG_WARN_ENUM_CONVERSION = YES;
				CLANG_WARN_INFINITE_RECURSION = YES;
				CLANG_WARN_INT_CONVERSION = YES;
				CLANG_WARN_NON_LITERAL_NULL_CONVERSION = YES;
				CLANG_WARN_OBJC_IMPLICIT_RETAIN_SELF = YES;
				CLANG_WARN_OBJC_LITERAL_CONVERSION = YES;
				CLANG_WARN_OBJC_ROOT_CLASS = YES_ERROR;
				CLANG_WARN_RANGE_LOOP_ANALYSIS = YES;
				CLANG_WARN_STRICT_PROTOTYPES = YES;
				CLANG_WARN_SUSPICIOUS_MOVE = YES;
				CLANG_WARN_UNGUARDED_AVAILABILITY = YES_AGGRESSIVE;
				CLANG_WARN_UNREACHABLE_CODE = YES;
				CLANG_WARN__DUPLICATE_METHOD_MATCH = YES;
				CODE_SIGN_IDENTITY = "iPhone Developer";
				COPY_PHASE_STRIP = NO;
				DEBUG_INFORMATION_FORMAT = "dwarf-with-dsym";
				ENABLE_NS_ASSERTIONS = NO;
				ENABLE_STRICT_OBJC_MSGSEND = YES;
				GCC_C_LANGUAGE_STANDARD = gnu11;
				GCC_NO_COMMON_BLOCKS = YES;
				GCC_WARN_64_TO_32_BIT_CONVERSION = YES;
				GCC_WARN_ABOUT_RETURN_TYPE = YES_ERROR;
				GCC_WARN_UNDECLARED_SELECTOR = YES;
				GCC_WARN_UNINITIALIZED_AUTOS = YES_AGGRESSIVE;
				GCC_WARN_UNUSED_FUNCTION = YES;
				GCC_WARN_UNUSED_VARIABLE = YES;
				IPHONEOS_DEPLOYMENT_TARGET = 11.3;
				MTL_ENABLE_DEBUG_INFO = NO;
				SDKROOT = iphoneos;
				SWIFT_COMPILATION_MODE = wholemodule;
				SWIFT_OPTIMIZATION_LEVEL = "-O";
				VALIDATE_PRODUCT = YES;
			};
			name = Release;
		};
		2610348A20732ACC00D0E65E /* Debug */ = {
			isa = XCBuildConfiguration;
			buildSettings = {
				ASSETCATALOG_COMPILER_APPICON_NAME = AppIcon;
				CODE_SIGN_STYLE = Automatic;
				INFOPLIST_FILE = CrosswordPuzzle/Info.plist;
				LD_RUNPATH_SEARCH_PATHS = (
					"$(inherited)",
					"@executable_path/Frameworks",
				);
				PRODUCT_BUNDLE_IDENTIFIER = "-1.CrosswordPuzzle";
				PRODUCT_NAME = "$(TARGET_NAME)";
				SWIFT_VERSION = 4.0;
				TARGETED_DEVICE_FAMILY = "1,2";
			};
			name = Debug;
		};
		2610348B20732ACC00D0E65E /* Release */ = {
			isa = XCBuildConfiguration;
			buildSettings = {
				ASSETCATALOG_COMPILER_APPICON_NAME = AppIcon;
				CODE_SIGN_STYLE = Automatic;
				INFOPLIST_FILE = CrosswordPuzzle/Info.plist;
				LD_RUNPATH_SEARCH_PATHS = (
					"$(inherited)",
					"@executable_path/Frameworks",
				);
				PRODUCT_BUNDLE_IDENTIFIER = "-1.CrosswordPuzzle";
				PRODUCT_NAME = "$(TARGET_NAME)";
				SWIFT_VERSION = 4.0;
				TARGETED_DEVICE_FAMILY = "1,2";
			};
			name = Release;
		};
		2610348D20732ACC00D0E65E /* Debug */ = {
			isa = XCBuildConfiguration;
			buildSettings = {
				ALWAYS_EMBED_SWIFT_STANDARD_LIBRARIES = YES;
				BUNDLE_LOADER = "$(TEST_HOST)";
				CODE_SIGN_STYLE = Automatic;
				INFOPLIST_FILE = CrosswordPuzzleTests/Info.plist;
				LD_RUNPATH_SEARCH_PATHS = (
					"$(inherited)",
					"@executable_path/Frameworks",
					"@loader_path/Frameworks",
				);
				PRODUCT_BUNDLE_IDENTIFIER = "-1.CrosswordPuzzleTests";
				PRODUCT_NAME = "$(TARGET_NAME)";
				SWIFT_VERSION = 4.0;
				TARGETED_DEVICE_FAMILY = "1,2";
				TEST_HOST = "$(BUILT_PRODUCTS_DIR)/CrosswordPuzzle.app/CrosswordPuzzle";
			};
			name = Debug;
		};
		2610348E20732ACC00D0E65E /* Release */ = {
			isa = XCBuildConfiguration;
			buildSettings = {
				ALWAYS_EMBED_SWIFT_STANDARD_LIBRARIES = YES;
				BUNDLE_LOADER = "$(TEST_HOST)";
				CODE_SIGN_STYLE = Automatic;
				INFOPLIST_FILE = CrosswordPuzzleTests/Info.plist;
				LD_RUNPATH_SEARCH_PATHS = (
					"$(inherited)",
					"@executable_path/Frameworks",
					"@loader_path/Frameworks",
				);
				PRODUCT_BUNDLE_IDENTIFIER = "-1.CrosswordPuzzleTests";
				PRODUCT_NAME = "$(TARGET_NAME)";
				SWIFT_VERSION = 4.0;
				TARGETED_DEVICE_FAMILY = "1,2";
				TEST_HOST = "$(BUILT_PRODUCTS_DIR)/CrosswordPuzzle.app/CrosswordPuzzle";
			};
			name = Release;
		};
		2610349020732ACC00D0E65E /* Debug */ = {
			isa = XCBuildConfiguration;
			buildSettings = {
				ALWAYS_EMBED_SWIFT_STANDARD_LIBRARIES = YES;
				CODE_SIGN_STYLE = Automatic;
				INFOPLIST_FILE = CrosswordPuzzleUITests/Info.plist;
				LD_RUNPATH_SEARCH_PATHS = (
					"$(inherited)",
					"@executable_path/Frameworks",
					"@loader_path/Frameworks",
				);
				PRODUCT_BUNDLE_IDENTIFIER = "-1.CrosswordPuzzleUITests";
				PRODUCT_NAME = "$(TARGET_NAME)";
				SWIFT_VERSION = 4.0;
				TARGETED_DEVICE_FAMILY = "1,2";
				TEST_TARGET_NAME = CrosswordPuzzle;
			};
			name = Debug;
		};
		2610349120732ACC00D0E65E /* Release */ = {
			isa = XCBuildConfiguration;
			buildSettings = {
				ALWAYS_EMBED_SWIFT_STANDARD_LIBRARIES = YES;
				CODE_SIGN_STYLE = Automatic;
				INFOPLIST_FILE = CrosswordPuzzleUITests/Info.plist;
				LD_RUNPATH_SEARCH_PATHS = (
					"$(inherited)",
					"@executable_path/Frameworks",
					"@loader_path/Frameworks",
				);
				PRODUCT_BUNDLE_IDENTIFIER = "-1.CrosswordPuzzleUITests";
				PRODUCT_NAME = "$(TARGET_NAME)";
				SWIFT_VERSION = 4.0;
				TARGETED_DEVICE_FAMILY = "1,2";
				TEST_TARGET_NAME = CrosswordPuzzle;
			};
			name = Release;
		};
/* End XCBuildConfiguration section */

/* Begin XCConfigurationList section */
		2610345C20732AC900D0E65E /* Build configuration list for PBXProject "CrosswordPuzzle" */ = {
			isa = XCConfigurationList;
			buildConfigurations = (
				2610348720732ACC00D0E65E /* Debug */,
				2610348820732ACC00D0E65E /* Release */,
			);
			defaultConfigurationIsVisible = 0;
			defaultConfigurationName = Release;
		};
		2610348920732ACC00D0E65E /* Build configuration list for PBXNativeTarget "CrosswordPuzzle" */ = {
			isa = XCConfigurationList;
			buildConfigurations = (
				2610348A20732ACC00D0E65E /* Debug */,
				2610348B20732ACC00D0E65E /* Release */,
			);
			defaultConfigurationIsVisible = 0;
			defaultConfigurationName = Release;
		};
		2610348C20732ACC00D0E65E /* Build configuration list for PBXNativeTarget "CrosswordPuzzleTests" */ = {
			isa = XCConfigurationList;
			buildConfigurations = (
				2610348D20732ACC00D0E65E /* Debug */,
				2610348E20732ACC00D0E65E /* Release */,
			);
			defaultConfigurationIsVisible = 0;
			defaultConfigurationName = Release;
		};
		2610348F20732ACC00D0E65E /* Build configuration list for PBXNativeTarget "CrosswordPuzzleUITests" */ = {
			isa = XCConfigurationList;
			buildConfigurations = (
				2610349020732ACC00D0E65E /* Debug */,
				2610349120732ACC00D0E65E /* Release */,
			);
			defaultConfigurationIsVisible = 0;
			defaultConfigurationName = Release;
		};
/* End XCConfigurationList section */
	};
	rootObject = 2610345920732AC900D0E65E /* Project object */;
}
