// !$*UTF8*$!
{
	archiveVersion = 1;
	classes = {
	};
	objectVersion = 48;
	objects = {

/* Begin PBXBuildFile section */
		26CAFB7A2060B807002A0445 /* AppDelegate.swift in Sources */ = {isa = PBXBuildFile; fileRef = 26CAFB792060B807002A0445 /* AppDelegate.swift */; };
		26CAFB7C2060B807002A0445 /* ViewController.swift in Sources */ = {isa = PBXBuildFile; fileRef = 26CAFB7B2060B807002A0445 /* ViewController.swift */; };
		26CAFB7F2060B807002A0445 /* Main.storyboard in Resources */ = {isa = PBXBuildFile; fileRef = 26CAFB7D2060B807002A0445 /* Main.storyboard */; };
		26CAFB812060B807002A0445 /* Assets.xcassets in Resources */ = {isa = PBXBuildFile; fileRef = 26CAFB802060B807002A0445 /* Assets.xcassets */; };
		26CAFB842060B807002A0445 /* LaunchScreen.storyboard in Resources */ = {isa = PBXBuildFile; fileRef = 26CAFB822060B807002A0445 /* LaunchScreen.storyboard */; };
		26CAFB8F2060B807002A0445 /* TicTacToeTests.swift in Sources */ = {isa = PBXBuildFile; fileRef = 26CAFB8E2060B807002A0445 /* TicTacToeTests.swift */; };
		26CAFB9A2060B807002A0445 /* TicTacToeUITests.swift in Sources */ = {isa = PBXBuildFile; fileRef = 26CAFB992060B807002A0445 /* TicTacToeUITests.swift */; };
/* End PBXBuildFile section */

/* Begin PBXContainerItemProxy section */
		26CAFB8B2060B807002A0445 /* PBXContainerItemProxy */ = {
			isa = PBXContainerItemProxy;
			containerPortal = 26CAFB6E2060B807002A0445 /* Project object */;
			proxyType = 1;
			remoteGlobalIDString = 26CAFB752060B807002A0445;
			remoteInfo = TicTacToe;
		};
		26CAFB962060B807002A0445 /* PBXContainerItemProxy */ = {
			isa = PBXContainerItemProxy;
			containerPortal = 26CAFB6E2060B807002A0445 /* Project object */;
			proxyType = 1;
			remoteGlobalIDString = 26CAFB752060B807002A0445;
			remoteInfo = TicTacToe;
		};
/* End PBXContainerItemProxy section */

/* Begin PBXFileReference section */
		26CAFB762060B807002A0445 /* TicTacToe.app */ = {isa = PBXFileReference; explicitFileType = wrapper.application; includeInIndex = 0; path = TicTacToe.app; sourceTree = BUILT_PRODUCTS_DIR; };
		26CAFB792060B807002A0445 /* AppDelegate.swift */ = {isa = PBXFileReference; lastKnownFileType = sourcecode.swift; path = AppDelegate.swift; sourceTree = "<group>"; };
		26CAFB7B2060B807002A0445 /* ViewController.swift */ = {isa = PBXFileReference; lastKnownFileType = sourcecode.swift; path = ViewController.swift; sourceTree = "<group>"; };
		26CAFB7E2060B807002A0445 /* Base */ = {isa = PBXFileReference; lastKnownFileType = file.storyboard; name = Base; path = Base.lproj/Main.storyboard; sourceTree = "<group>"; };
		26CAFB802060B807002A0445 /* Assets.xcassets */ = {isa = PBXFileReference; lastKnownFileType = folder.assetcatalog; path = Assets.xcassets; sourceTree = "<group>"; };
		26CAFB832060B807002A0445 /* Base */ = {isa = PBXFileReference; lastKnownFileType = file.storyboard; name = Base; path = Base.lproj/LaunchScreen.storyboard; sourceTree = "<group>"; };
		26CAFB852060B807002A0445 /* Info.plist */ = {isa = PBXFileReference; lastKnownFileType = text.plist.xml; path = Info.plist; sourceTree = "<group>"; };
		26CAFB8A2060B807002A0445 /* TicTacToeTests.xctest */ = {isa = PBXFileReference; explicitFileType = wrapper.cfbundle; includeInIndex = 0; path = TicTacToeTests.xctest; sourceTree = BUILT_PRODUCTS_DIR; };
		26CAFB8E2060B807002A0445 /* TicTacToeTests.swift */ = {isa = PBXFileReference; lastKnownFileType = sourcecode.swift; path = TicTacToeTests.swift; sourceTree = "<group>"; };
		26CAFB902060B807002A0445 /* Info.plist */ = {isa = PBXFileReference; lastKnownFileType = text.plist.xml; path = Info.plist; sourceTree = "<group>"; };
		26CAFB952060B807002A0445 /* TicTacToeUITests.xctest */ = {isa = PBXFileReference; explicitFileType = wrapper.cfbundle; includeInIndex = 0; path = TicTacToeUITests.xctest; sourceTree = BUILT_PRODUCTS_DIR; };
		26CAFB992060B807002A0445 /* TicTacToeUITests.swift */ = {isa = PBXFileReference; lastKnownFileType = sourcecode.swift; path = TicTacToeUITests.swift; sourceTree = "<group>"; };
		26CAFB9B2060B807002A0445 /* Info.plist */ = {isa = PBXFileReference; lastKnownFileType = text.plist.xml; path = Info.plist; sourceTree = "<group>"; };
/* End PBXFileReference section */

/* Begin PBXFrameworksBuildPhase section */
		26CAFB732060B807002A0445 /* Frameworks */ = {
			isa = PBXFrameworksBuildPhase;
			buildActionMask = 2147483647;
			files = (
			);
			runOnlyForDeploymentPostprocessing = 0;
		};
		26CAFB872060B807002A0445 /* Frameworks */ = {
			isa = PBXFrameworksBuildPhase;
			buildActionMask = 2147483647;
			files = (
			);
			runOnlyForDeploymentPostprocessing = 0;
		};
		26CAFB922060B807002A0445 /* Frameworks */ = {
			isa = PBXFrameworksBuildPhase;
			buildActionMask = 2147483647;
			files = (
			);
			runOnlyForDeploymentPostprocessing = 0;
		};
/* End PBXFrameworksBuildPhase section */

/* Begin PBXGroup section */
		26CAFB6D2060B807002A0445 = {
			isa = PBXGroup;
			children = (
				26CAFB782060B807002A0445 /* TicTacToe */,
				26CAFB8D2060B807002A0445 /* TicTacToeTests */,
				26CAFB982060B807002A0445 /* TicTacToeUITests */,
				26CAFB772060B807002A0445 /* Products */,
			);
			sourceTree = "<group>";
		};
		26CAFB772060B807002A0445 /* Products */ = {
			isa = PBXGroup;
			children = (
				26CAFB762060B807002A0445 /* TicTacToe.app */,
				26CAFB8A2060B807002A0445 /* TicTacToeTests.xctest */,
				26CAFB952060B807002A0445 /* TicTacToeUITests.xctest */,
			);
			name = Products;
			sourceTree = "<group>";
		};
		26CAFB782060B807002A0445 /* TicTacToe */ = {
			isa = PBXGroup;
			children = (
				26CAFB792060B807002A0445 /* AppDelegate.swift */,
				26CAFB7B2060B807002A0445 /* ViewController.swift */,
				26CAFB7D2060B807002A0445 /* Main.storyboard */,
				26CAFB802060B807002A0445 /* Assets.xcassets */,
				26CAFB822060B807002A0445 /* LaunchScreen.storyboard */,
				26CAFB852060B807002A0445 /* Info.plist */,
			);
			path = TicTacToe;
			sourceTree = "<group>";
		};
		26CAFB8D2060B807002A0445 /* TicTacToeTests */ = {
			isa = PBXGroup;
			children = (
				26CAFB8E2060B807002A0445 /* TicTacToeTests.swift */,
				26CAFB902060B807002A0445 /* Info.plist */,
			);
			path = TicTacToeTests;
			sourceTree = "<group>";
		};
		26CAFB982060B807002A0445 /* TicTacToeUITests */ = {
			isa = PBXGroup;
			children = (
				26CAFB992060B807002A0445 /* TicTacToeUITests.swift */,
				26CAFB9B2060B807002A0445 /* Info.plist */,
			);
			path = TicTacToeUITests;
			sourceTree = "<group>";
		};
/* End PBXGroup section */

/* Begin PBXNativeTarget section */
		26CAFB752060B807002A0445 /* TicTacToe */ = {
			isa = PBXNativeTarget;
			buildConfigurationList = 26CAFB9E2060B807002A0445 /* Build configuration list for PBXNativeTarget "TicTacToe" */;
			buildPhases = (
				26CAFB722060B807002A0445 /* Sources */,
				26CAFB732060B807002A0445 /* Frameworks */,
				26CAFB742060B807002A0445 /* Resources */,
			);
			buildRules = (
			);
			dependencies = (
			);
			name = TicTacToe;
			productName = TicTacToe;
			productReference = 26CAFB762060B807002A0445 /* TicTacToe.app */;
			productType = "com.apple.product-type.application";
		};
		26CAFB892060B807002A0445 /* TicTacToeTests */ = {
			isa = PBXNativeTarget;
			buildConfigurationList = 26CAFBA12060B807002A0445 /* Build configuration list for PBXNativeTarget "TicTacToeTests" */;
			buildPhases = (
				26CAFB862060B807002A0445 /* Sources */,
				26CAFB872060B807002A0445 /* Frameworks */,
				26CAFB882060B807002A0445 /* Resources */,
			);
			buildRules = (
			);
			dependencies = (
				26CAFB8C2060B807002A0445 /* PBXTargetDependency */,
			);
			name = TicTacToeTests;
			productName = TicTacToeTests;
			productReference = 26CAFB8A2060B807002A0445 /* TicTacToeTests.xctest */;
			productType = "com.apple.product-type.bundle.unit-test";
		};
		26CAFB942060B807002A0445 /* TicTacToeUITests */ = {
			isa = PBXNativeTarget;
			buildConfigurationList = 26CAFBA42060B807002A0445 /* Build configuration list for PBXNativeTarget "TicTacToeUITests" */;
			buildPhases = (
				26CAFB912060B807002A0445 /* Sources */,
				26CAFB922060B807002A0445 /* Frameworks */,
				26CAFB932060B807002A0445 /* Resources */,
			);
			buildRules = (
			);
			dependencies = (
				26CAFB972060B807002A0445 /* PBXTargetDependency */,
			);
			name = TicTacToeUITests;
			productName = TicTacToeUITests;
			productReference = 26CAFB952060B807002A0445 /* TicTacToeUITests.xctest */;
			productType = "com.apple.product-type.bundle.ui-testing";
		};
/* End PBXNativeTarget section */

/* Begin PBXProject section */
		26CAFB6E2060B807002A0445 /* Project object */ = {
			isa = PBXProject;
			attributes = {
				LastSwiftUpdateCheck = 0920;
				LastUpgradeCheck = 0920;
				ORGANIZATIONNAME = "Nguyen Tran";
				TargetAttributes = {
					26CAFB752060B807002A0445 = {
						CreatedOnToolsVersion = 9.2;
						ProvisioningStyle = Automatic;
					};
					26CAFB892060B807002A0445 = {
						CreatedOnToolsVersion = 9.2;
						ProvisioningStyle = Automatic;
						TestTargetID = 26CAFB752060B807002A0445;
					};
					26CAFB942060B807002A0445 = {
						CreatedOnToolsVersion = 9.2;
						ProvisioningStyle = Automatic;
						TestTargetID = 26CAFB752060B807002A0445;
					};
				};
			};
			buildConfigurationList = 26CAFB712060B807002A0445 /* Build configuration list for PBXProject "TicTacToe" */;
			compatibilityVersion = "Xcode 8.0";
			developmentRegion = en;
			hasScannedForEncodings = 0;
			knownRegions = (
				en,
				Base,
			);
			mainGroup = 26CAFB6D2060B807002A0445;
			productRefGroup = 26CAFB772060B807002A0445 /* Products */;
			projectDirPath = "";
			projectRoot = "";
			targets = (
				26CAFB752060B807002A0445 /* TicTacToe */,
				26CAFB892060B807002A0445 /* TicTacToeTests */,
				26CAFB942060B807002A0445 /* TicTacToeUITests */,
			);
		};
/* End PBXProject section */

/* Begin PBXResourcesBuildPhase section */
		26CAFB742060B807002A0445 /* Resources */ = {
			isa = PBXResourcesBuildPhase;
			buildActionMask = 2147483647;
			files = (
				26CAFB842060B807002A0445 /* LaunchScreen.storyboard in Resources */,
				26CAFB812060B807002A0445 /* Assets.xcassets in Resources */,
				26CAFB7F2060B807002A0445 /* Main.storyboard in Resources */,
			);
			runOnlyForDeploymentPostprocessing = 0;
		};
		26CAFB882060B807002A0445 /* Resources */ = {
			isa = PBXResourcesBuildPhase;
			buildActionMask = 2147483647;
			files = (
			);
			runOnlyForDeploymentPostprocessing = 0;
		};
		26CAFB932060B807002A0445 /* Resources */ = {
			isa = PBXResourcesBuildPhase;
			buildActionMask = 2147483647;
			files = (
			);
			runOnlyForDeploymentPostprocessing = 0;
		};
/* End PBXResourcesBuildPhase section */

/* Begin PBXSourcesBuildPhase section */
		26CAFB722060B807002A0445 /* Sources */ = {
			isa = PBXSourcesBuildPhase;
			buildActionMask = 2147483647;
			files = (
				26CAFB7C2060B807002A0445 /* ViewController.swift in Sources */,
				26CAFB7A2060B807002A0445 /* AppDelegate.swift in Sources */,
			);
			runOnlyForDeploymentPostprocessing = 0;
		};
		26CAFB862060B807002A0445 /* Sources */ = {
			isa = PBXSourcesBuildPhase;
			buildActionMask = 2147483647;
			files = (
				26CAFB8F2060B807002A0445 /* TicTacToeTests.swift in Sources */,
			);
			runOnlyForDeploymentPostprocessing = 0;
		};
		26CAFB912060B807002A0445 /* Sources */ = {
			isa = PBXSourcesBuildPhase;
			buildActionMask = 2147483647;
			files = (
				26CAFB9A2060B807002A0445 /* TicTacToeUITests.swift in Sources */,
			);
			runOnlyForDeploymentPostprocessing = 0;
		};
/* End PBXSourcesBuildPhase section */

/* Begin PBXTargetDependency section */
		26CAFB8C2060B807002A0445 /* PBXTargetDependency */ = {
			isa = PBXTargetDependency;
			target = 26CAFB752060B807002A0445 /* TicTacToe */;
			targetProxy = 26CAFB8B2060B807002A0445 /* PBXContainerItemProxy */;
		};
		26CAFB972060B807002A0445 /* PBXTargetDependency */ = {
			isa = PBXTargetDependency;
			target = 26CAFB752060B807002A0445 /* TicTacToe */;
			targetProxy = 26CAFB962060B807002A0445 /* PBXContainerItemProxy */;
		};
/* End PBXTargetDependency section */

/* Begin PBXVariantGroup section */
		26CAFB7D2060B807002A0445 /* Main.storyboard */ = {
			isa = PBXVariantGroup;
			children = (
				26CAFB7E2060B807002A0445 /* Base */,
			);
			name = Main.storyboard;
			sourceTree = "<group>";
		};
		26CAFB822060B807002A0445 /* LaunchScreen.storyboard */ = {
			isa = PBXVariantGroup;
			children = (
				26CAFB832060B807002A0445 /* Base */,
			);
			name = LaunchScreen.storyboard;
			sourceTree = "<group>";
		};
/* End PBXVariantGroup section */

/* Begin XCBuildConfiguration section */
		26CAFB9C2060B807002A0445 /* Debug */ = {
			isa = XCBuildConfiguration;
			buildSettings = {
				ALWAYS_SEARCH_USER_PATHS = NO;
				CLANG_ANALYZER_NONNULL = YES;
				CLANG_ANALYZER_NUMBER_OBJECT_CONVERSION = YES_AGGRESSIVE;
				CLANG_CXX_LANGUAGE_STANDARD = "gnu++14";
				CLANG_CXX_LIBRARY = "libc++";
				CLANG_ENABLE_MODULES = YES;
				CLANG_ENABLE_OBJC_ARC = YES;
				CLANG_WARN_BLOCK_CAPTURE_AUTORELEASING = YES;
				CLANG_WARN_BOOL_CONVERSION = YES;
				CLANG_WARN_COMMA = YES;
				CLANG_WARN_CONSTANT_CONVERSION = YES;
				CLANG_WARN_DIRECT_OBJC_ISA_USAGE = YES_ERROR;
				CLANG_WARN_DOCUMENTATION_COMMENTS = YES;
				CLANG_WARN_EMPTY_BODY = YES;
				CLANG_WARN_ENUM_CONVERSION = YES;
				CLANG_WARN_INFINITE_RECURSION = YES;
				CLANG_WARN_INT_CONVERSION = YES;
				CLANG_WARN_NON_LITERAL_NULL_CONVERSION = YES;
				CLANG_WARN_OBJC_LITERAL_CONVERSION = YES;
				CLANG_WARN_OBJC_ROOT_CLASS = YES_ERROR;
				CLANG_WARN_RANGE_LOOP_ANALYSIS = YES;
				CLANG_WARN_STRICT_PROTOTYPES = YES;
				CLANG_WARN_SUSPICIOUS_MOVE = YES;
				CLANG_WARN_UNGUARDED_AVAILABILITY = YES_AGGRESSIVE;
				CLANG_WARN_UNREACHABLE_CODE = YES;
				CLANG_WARN__DUPLICATE_METHOD_MATCH = YES;
				CODE_SIGN_IDENTITY = "iPhone Developer";
				COPY_PHASE_STRIP = NO;
				DEBUG_INFORMATION_FORMAT = dwarf;
				ENABLE_STRICT_OBJC_MSGSEND = YES;
				ENABLE_TESTABILITY = YES;
				GCC_C_LANGUAGE_STANDARD = gnu11;
				GCC_DYNAMIC_NO_PIC = NO;
				GCC_NO_COMMON_BLOCKS = YES;
				GCC_OPTIMIZATION_LEVEL = 0;
				GCC_PREPROCESSOR_DEFINITIONS = (
					"DEBUG=1",
					"$(inherited)",
				);
				GCC_WARN_64_TO_32_BIT_CONVERSION = YES;
				GCC_WARN_ABOUT_RETURN_TYPE = YES_ERROR;
				GCC_WARN_UNDECLARED_SELECTOR = YES;
				GCC_WARN_UNINITIALIZED_AUTOS = YES_AGGRESSIVE;
				GCC_WARN_UNUSED_FUNCTION = YES;
				GCC_WARN_UNUSED_VARIABLE = YES;
				IPHONEOS_DEPLOYMENT_TARGET = 11.2;
				MTL_ENABLE_DEBUG_INFO = YES;
				ONLY_ACTIVE_ARCH = YES;
				SDKROOT = iphoneos;
				SWIFT_ACTIVE_COMPILATION_CONDITIONS = DEBUG;
				SWIFT_OPTIMIZATION_LEVEL = "-Onone";
			};
			name = Debug;
		};
		26CAFB9D2060B807002A0445 /* Release */ = {
			isa = XCBuildConfiguration;
			buildSettings = {
				ALWAYS_SEARCH_USER_PATHS = NO;
				CLANG_ANALYZER_NONNULL = YES;
				CLANG_ANALYZER_NUMBER_OBJECT_CONVERSION = YES_AGGRESSIVE;
				CLANG_CXX_LANGUAGE_STANDARD = "gnu++14";
				CLANG_CXX_LIBRARY = "libc++";
				CLANG_ENABLE_MODULES = YES;
				CLANG_ENABLE_OBJC_ARC = YES;
				CLANG_WARN_BLOCK_CAPTURE_AUTORELEASING = YES;
				CLANG_WARN_BOOL_CONVERSION = YES;
				CLANG_WARN_COMMA = YES;
				CLANG_WARN_CONSTANT_CONVERSION = YES;
				CLANG_WARN_DIRECT_OBJC_ISA_USAGE = YES_ERROR;
				CLANG_WARN_DOCUMENTATION_COMMENTS = YES;
				CLANG_WARN_EMPTY_BODY = YES;
				CLANG_WARN_ENUM_CONVERSION = YES;
				CLANG_WARN_INFINITE_RECURSION = YES;
				CLANG_WARN_INT_CONVERSION = YES;
				CLANG_WARN_NON_LITERAL_NULL_CONVERSION = YES;
				CLANG_WARN_OBJC_LITERAL_CONVERSION = YES;
				CLANG_WARN_OBJC_ROOT_CLASS = YES_ERROR;
				CLANG_WARN_RANGE_LOOP_ANALYSIS = YES;
				CLANG_WARN_STRICT_PROTOTYPES = YES;
				CLANG_WARN_SUSPICIOUS_MOVE = YES;
				CLANG_WARN_UNGUARDED_AVAILABILITY = YES_AGGRESSIVE;
				CLANG_WARN_UNREACHABLE_CODE = YES;
				CLANG_WARN__DUPLICATE_METHOD_MATCH = YES;
				CODE_SIGN_IDENTITY = "iPhone Developer";
				COPY_PHASE_STRIP = NO;
				DEBUG_INFORMATION_FORMAT = "dwarf-with-dsym";
				ENABLE_NS_ASSERTIONS = NO;
				ENABLE_STRICT_OBJC_MSGSEND = YES;
				GCC_C_LANGUAGE_STANDARD = gnu11;
				GCC_NO_COMMON_BLOCKS = YES;
				GCC_WARN_64_TO_32_BIT_CONVERSION = YES;
				GCC_WARN_ABOUT_RETURN_TYPE = YES_ERROR;
				GCC_WARN_UNDECLARED_SELECTOR = YES;
				GCC_WARN_UNINITIALIZED_AUTOS = YES_AGGRESSIVE;
				GCC_WARN_UNUSED_FUNCTION = YES;
				GCC_WARN_UNUSED_VARIABLE = YES;
				IPHONEOS_DEPLOYMENT_TARGET = 11.2;
				MTL_ENABLE_DEBUG_INFO = NO;
				SDKROOT = iphoneos;
				SWIFT_OPTIMIZATION_LEVEL = "-Owholemodule";
				VALIDATE_PRODUCT = YES;
			};
			name = Release;
		};
		26CAFB9F2060B807002A0445 /* Debug */ = {
			isa = XCBuildConfiguration;
			buildSettings = {
				ASSETCATALOG_COMPILER_APPICON_NAME = AppIcon;
				CODE_SIGN_STYLE = Automatic;
				INFOPLIST_FILE = TicTacToe/Info.plist;
				LD_RUNPATH_SEARCH_PATHS = "$(inherited) @executable_path/Frameworks";
				PRODUCT_BUNDLE_IDENTIFIER = "-1.TicTacToe";
				PRODUCT_NAME = "$(TARGET_NAME)";
				SWIFT_VERSION = 4.0;
				TARGETED_DEVICE_FAMILY = "1,2";
			};
			name = Debug;
		};
		26CAFBA02060B807002A0445 /* Release */ = {
			isa = XCBuildConfiguration;
			buildSettings = {
				ASSETCATALOG_COMPILER_APPICON_NAME = AppIcon;
				CODE_SIGN_STYLE = Automatic;
				INFOPLIST_FILE = TicTacToe/Info.plist;
				LD_RUNPATH_SEARCH_PATHS = "$(inherited) @executable_path/Frameworks";
				PRODUCT_BUNDLE_IDENTIFIER = "-1.TicTacToe";
				PRODUCT_NAME = "$(TARGET_NAME)";
				SWIFT_VERSION = 4.0;
				TARGETED_DEVICE_FAMILY = "1,2";
			};
			name = Release;
		};
		26CAFBA22060B807002A0445 /* Debug */ = {
			isa = XCBuildConfiguration;
			buildSettings = {
				ALWAYS_EMBED_SWIFT_STANDARD_LIBRARIES = YES;
				BUNDLE_LOADER = "$(TEST_HOST)";
				CODE_SIGN_STYLE = Automatic;
				INFOPLIST_FILE = TicTacToeTests/Info.plist;
				LD_RUNPATH_SEARCH_PATHS = "$(inherited) @executable_path/Frameworks @loader_path/Frameworks";
				PRODUCT_BUNDLE_IDENTIFIER = "-1.TicTacToeTests";
				PRODUCT_NAME = "$(TARGET_NAME)";
				SWIFT_VERSION = 4.0;
				TARGETED_DEVICE_FAMILY = "1,2";
				TEST_HOST = "$(BUILT_PRODUCTS_DIR)/TicTacToe.app/TicTacToe";
			};
			name = Debug;
		};
		26CAFBA32060B807002A0445 /* Release */ = {
			isa = XCBuildConfiguration;
			buildSettings = {
				ALWAYS_EMBED_SWIFT_STANDARD_LIBRARIES = YES;
				BUNDLE_LOADER = "$(TEST_HOST)";
				CODE_SIGN_STYLE = Automatic;
				INFOPLIST_FILE = TicTacToeTests/Info.plist;
				LD_RUNPATH_SEARCH_PATHS = "$(inherited) @executable_path/Frameworks @loader_path/Frameworks";
				PRODUCT_BUNDLE_IDENTIFIER = "-1.TicTacToeTests";
				PRODUCT_NAME = "$(TARGET_NAME)";
				SWIFT_VERSION = 4.0;
				TARGETED_DEVICE_FAMILY = "1,2";
				TEST_HOST = "$(BUILT_PRODUCTS_DIR)/TicTacToe.app/TicTacToe";
			};
			name = Release;
		};
		26CAFBA52060B807002A0445 /* Debug */ = {
			isa = XCBuildConfiguration;
			buildSettings = {
				ALWAYS_EMBED_SWIFT_STANDARD_LIBRARIES = YES;
				CODE_SIGN_STYLE = Automatic;
				INFOPLIST_FILE = TicTacToeUITests/Info.plist;
				LD_RUNPATH_SEARCH_PATHS = "$(inherited) @executable_path/Frameworks @loader_path/Frameworks";
				PRODUCT_BUNDLE_IDENTIFIER = "-1.TicTacToeUITests";
				PRODUCT_NAME = "$(TARGET_NAME)";
				SWIFT_VERSION = 4.0;
				TARGETED_DEVICE_FAMILY = "1,2";
				TEST_TARGET_NAME = TicTacToe;
			};
			name = Debug;
		};
		26CAFBA62060B807002A0445 /* Release */ = {
			isa = XCBuildConfiguration;
			buildSettings = {
				ALWAYS_EMBED_SWIFT_STANDARD_LIBRARIES = YES;
				CODE_SIGN_STYLE = Automatic;
				INFOPLIST_FILE = TicTacToeUITests/Info.plist;
				LD_RUNPATH_SEARCH_PATHS = "$(inherited) @executable_path/Frameworks @loader_path/Frameworks";
				PRODUCT_BUNDLE_IDENTIFIER = "-1.TicTacToeUITests";
				PRODUCT_NAME = "$(TARGET_NAME)";
				SWIFT_VERSION = 4.0;
				TARGETED_DEVICE_FAMILY = "1,2";
				TEST_TARGET_NAME = TicTacToe;
			};
			name = Release;
		};
/* End XCBuildConfiguration section */

/* Begin XCConfigurationList section */
		26CAFB712060B807002A0445 /* Build configuration list for PBXProject "TicTacToe" */ = {
			isa = XCConfigurationList;
			buildConfigurations = (
				26CAFB9C2060B807002A0445 /* Debug */,
				26CAFB9D2060B807002A0445 /* Release */,
			);
			defaultConfigurationIsVisible = 0;
			defaultConfigurationName = Release;
		};
		26CAFB9E2060B807002A0445 /* Build configuration list for PBXNativeTarget "TicTacToe" */ = {
			isa = XCConfigurationList;
			buildConfigurations = (
				26CAFB9F2060B807002A0445 /* Debug */,
				26CAFBA02060B807002A0445 /* Release */,
			);
			defaultConfigurationIsVisible = 0;
			defaultConfigurationName = Release;
		};
		26CAFBA12060B807002A0445 /* Build configuration list for PBXNativeTarget "TicTacToeTests" */ = {
			isa = XCConfigurationList;
			buildConfigurations = (
				26CAFBA22060B807002A0445 /* Debug */,
				26CAFBA32060B807002A0445 /* Release */,
			);
			defaultConfigurationIsVisible = 0;
			defaultConfigurationName = Release;
		};
		26CAFBA42060B807002A0445 /* Build configuration list for PBXNativeTarget "TicTacToeUITests" */ = {
			isa = XCConfigurationList;
			buildConfigurations = (
				26CAFBA52060B807002A0445 /* Debug */,
				26CAFBA62060B807002A0445 /* Release */,
			);
			defaultConfigurationIsVisible = 0;
			defaultConfigurationName = Release;
		};
/* End XCConfigurationList section */
	};
	rootObject = 26CAFB6E2060B807002A0445 /* Project object */;
}
