// !$*UTF8*$!
{
	archiveVersion = 1;
	classes = {
	};
	objectVersion = 48;
	objects = {

/* Begin PBXBuildFile section */
		262AFB5120201C710012E16C /* AppDelegate.swift in Sources */ = {isa = PBXBuildFile; fileRef = 262AFB5020201C710012E16C /* AppDelegate.swift */; };
		262AFB5620201C710012E16C /* Main.storyboard in Resources */ = {isa = PBXBuildFile; fileRef = 262AFB5420201C710012E16C /* Main.storyboard */; };
		262AFB5820201C710012E16C /* Assets.xcassets in Resources */ = {isa = PBXBuildFile; fileRef = 262AFB5720201C710012E16C /* Assets.xcassets */; };
		262AFB5B20201C710012E16C /* LaunchScreen.storyboard in Resources */ = {isa = PBXBuildFile; fileRef = 262AFB5920201C710012E16C /* LaunchScreen.storyboard */; };
		262AFB6620201C710012E16C /* WorldTrollerTests.swift in Sources */ = {isa = PBXBuildFile; fileRef = 262AFB6520201C710012E16C /* WorldTrollerTests.swift */; };
		262AFB7120201C710012E16C /* WorldTrollerUITests.swift in Sources */ = {isa = PBXBuildFile; fileRef = 262AFB7020201C710012E16C /* WorldTrollerUITests.swift */; };
		266B8138202AC7BD00524DF0 /* WebViewController.swift in Sources */ = {isa = PBXBuildFile; fileRef = 266B8137202AC7BD00524DF0 /* WebViewController.swift */; };
		26A5BA7D2030BD29003679B1 /* CoreLocation.framework in Frameworks */ = {isa = PBXBuildFile; fileRef = 26A5BA7C2030BD29003679B1 /* CoreLocation.framework */; };
		26C2913C2020353C00644B6C /* ConversionViewController.swift in Sources */ = {isa = PBXBuildFile; fileRef = 26C2913B2020353C00644B6C /* ConversionViewController.swift */; };
		26CBB5D1202EEF58009ADCA1 /* Localizable.strings in Resources */ = {isa = PBXBuildFile; fileRef = 26CBB5CF202EEF57009ADCA1 /* Localizable.strings */; };
		26CBB5D7202EF6C9009ADCA1 /* Localizable.strings in Resources */ = {isa = PBXBuildFile; fileRef = 26CBB5D9202EF6C9009ADCA1 /* Localizable.strings */; };
		26D04483202960D800541470 /* MapKit.framework in Frameworks */ = {isa = PBXBuildFile; fileRef = 26D04482202960D800541470 /* MapKit.framework */; };
		26D044852029641400541470 /* MapViewController.swift in Sources */ = {isa = PBXBuildFile; fileRef = 26D044842029641400541470 /* MapViewController.swift */; };
/* End PBXBuildFile section */

/* Begin PBXContainerItemProxy section */
		262AFB6220201C710012E16C /* PBXContainerItemProxy */ = {
			isa = PBXContainerItemProxy;
			containerPortal = 262AFB4520201C710012E16C /* Project object */;
			proxyType = 1;
			remoteGlobalIDString = 262AFB4C20201C710012E16C;
			remoteInfo = WorldTroller;
		};
		262AFB6D20201C710012E16C /* PBXContainerItemProxy */ = {
			isa = PBXContainerItemProxy;
			containerPortal = 262AFB4520201C710012E16C /* Project object */;
			proxyType = 1;
			remoteGlobalIDString = 262AFB4C20201C710012E16C;
			remoteInfo = WorldTroller;
		};
/* End PBXContainerItemProxy section */

/* Begin PBXFileReference section */
		262AFB4D20201C710012E16C /* WorldTroller.app */ = {isa = PBXFileReference; explicitFileType = wrapper.application; includeInIndex = 0; path = WorldTroller.app; sourceTree = BUILT_PRODUCTS_DIR; };
		262AFB5020201C710012E16C /* AppDelegate.swift */ = {isa = PBXFileReference; lastKnownFileType = sourcecode.swift; path = AppDelegate.swift; sourceTree = "<group>"; };
		262AFB5520201C710012E16C /* Base */ = {isa = PBXFileReference; lastKnownFileType = file.storyboard; name = Base; path = Base.lproj/Main.storyboard; sourceTree = "<group>"; };
		262AFB5720201C710012E16C /* Assets.xcassets */ = {isa = PBXFileReference; lastKnownFileType = folder.assetcatalog; path = Assets.xcassets; sourceTree = "<group>"; };
		262AFB5A20201C710012E16C /* Base */ = {isa = PBXFileReference; lastKnownFileType = file.storyboard; name = Base; path = Base.lproj/LaunchScreen.storyboard; sourceTree = "<group>"; };
		262AFB5C20201C710012E16C /* Info.plist */ = {isa = PBXFileReference; lastKnownFileType = text.plist.xml; path = Info.plist; sourceTree = "<group>"; };
		262AFB6120201C710012E16C /* WorldTrollerTests.xctest */ = {isa = PBXFileReference; explicitFileType = wrapper.cfbundle; includeInIndex = 0; path = WorldTrollerTests.xctest; sourceTree = BUILT_PRODUCTS_DIR; };
		262AFB6520201C710012E16C /* WorldTrollerTests.swift */ = {isa = PBXFileReference; lastKnownFileType = sourcecode.swift; path = WorldTrollerTests.swift; sourceTree = "<group>"; };
		262AFB6720201C710012E16C /* Info.plist */ = {isa = PBXFileReference; lastKnownFileType = text.plist.xml; path = Info.plist; sourceTree = "<group>"; };
		262AFB6C20201C710012E16C /* WorldTrollerUITests.xctest */ = {isa = PBXFileReference; explicitFileType = wrapper.cfbundle; includeInIndex = 0; path = WorldTrollerUITests.xctest; sourceTree = BUILT_PRODUCTS_DIR; };
		262AFB7020201C710012E16C /* WorldTrollerUITests.swift */ = {isa = PBXFileReference; lastKnownFileType = sourcecode.swift; path = WorldTrollerUITests.swift; sourceTree = "<group>"; };
		262AFB7220201C710012E16C /* Info.plist */ = {isa = PBXFileReference; lastKnownFileType = text.plist.xml; path = Info.plist; sourceTree = "<group>"; };
		266B8137202AC7BD00524DF0 /* WebViewController.swift */ = {isa = PBXFileReference; lastKnownFileType = sourcecode.swift; path = WebViewController.swift; sourceTree = "<group>"; };
		26A5BA7C2030BD29003679B1 /* CoreLocation.framework */ = {isa = PBXFileReference; lastKnownFileType = wrapper.framework; name = CoreLocation.framework; path = System/Library/Frameworks/CoreLocation.framework; sourceTree = SDKROOT; };
		26C2913B2020353C00644B6C /* ConversionViewController.swift */ = {isa = PBXFileReference; lastKnownFileType = sourcecode.swift; path = ConversionViewController.swift; sourceTree = "<group>"; };
		26CBB5CA202ED710009ADCA1 /* en */ = {isa = PBXFileReference; lastKnownFileType = text.plist.strings; name = en; path = en.lproj/Main.strings; sourceTree = "<group>"; };
		26CBB5CB202ED963009ADCA1 /* es */ = {isa = PBXFileReference; lastKnownFileType = text.plist.strings; name = es; path = es.lproj/Main.strings; sourceTree = "<group>"; };
		26CBB5CC202EE0EF009ADCA1 /* vi */ = {isa = PBXFileReference; lastKnownFileType = text.plist.strings; name = vi; path = vi.lproj/Main.strings; sourceTree = "<group>"; };
		26CBB5D0202EEF57009ADCA1 /* es */ = {isa = PBXFileReference; lastKnownFileType = text.plist.strings; name = es; path = WorldTroller/es.lproj/Localizable.strings; sourceTree = "<group>"; };
		26CBB5D8202EF6C9009ADCA1 /* vi */ = {isa = PBXFileReference; lastKnownFileType = text.plist.strings; name = vi; path = vi.lproj/Localizable.strings; sourceTree = "<group>"; };
		26D04482202960D800541470 /* MapKit.framework */ = {isa = PBXFileReference; lastKnownFileType = wrapper.framework; name = MapKit.framework; path = System/Library/Frameworks/MapKit.framework; sourceTree = SDKROOT; };
		26D044842029641400541470 /* MapViewController.swift */ = {isa = PBXFileReference; lastKnownFileType = sourcecode.swift; path = MapViewController.swift; sourceTree = "<group>"; };
/* End PBXFileReference section */

/* Begin PBXFrameworksBuildPhase section */
		262AFB4A20201C710012E16C /* Frameworks */ = {
			isa = PBXFrameworksBuildPhase;
			buildActionMask = 2147483647;
			files = (
				26A5BA7D2030BD29003679B1 /* CoreLocation.framework in Frameworks */,
				26D04483202960D800541470 /* MapKit.framework in Frameworks */,
			);
			runOnlyForDeploymentPostprocessing = 0;
		};
		262AFB5E20201C710012E16C /* Frameworks */ = {
			isa = PBXFrameworksBuildPhase;
			buildActionMask = 2147483647;
			files = (
			);
			runOnlyForDeploymentPostprocessing = 0;
		};
		262AFB6920201C710012E16C /* Frameworks */ = {
			isa = PBXFrameworksBuildPhase;
			buildActionMask = 2147483647;
			files = (
			);
			runOnlyForDeploymentPostprocessing = 0;
		};
/* End PBXFrameworksBuildPhase section */

/* Begin PBXGroup section */
		262AFB4420201C710012E16C = {
			isa = PBXGroup;
			children = (
				262AFB4F20201C710012E16C /* WorldTroller */,
				262AFB6420201C710012E16C /* WorldTrollerTests */,
				262AFB6F20201C710012E16C /* WorldTrollerUITests */,
				262AFB4E20201C710012E16C /* Products */,
				26D04481202960D800541470 /* Frameworks */,
			);
			sourceTree = "<group>";
		};
		262AFB4E20201C710012E16C /* Products */ = {
			isa = PBXGroup;
			children = (
				262AFB4D20201C710012E16C /* WorldTroller.app */,
				262AFB6120201C710012E16C /* WorldTrollerTests.xctest */,
				262AFB6C20201C710012E16C /* WorldTrollerUITests.xctest */,
			);
			name = Products;
			sourceTree = "<group>";
		};
		262AFB4F20201C710012E16C /* WorldTroller */ = {
			isa = PBXGroup;
			children = (
				262AFB5020201C710012E16C /* AppDelegate.swift */,
				262AFB5420201C710012E16C /* Main.storyboard */,
				26CBB5CF202EEF57009ADCA1 /* Localizable.strings */,
				26CBB5D9202EF6C9009ADCA1 /* Localizable.strings */,
				266B8137202AC7BD00524DF0 /* WebViewController.swift */,
				26D044842029641400541470 /* MapViewController.swift */,
				262AFB5720201C710012E16C /* Assets.xcassets */,
				262AFB5920201C710012E16C /* LaunchScreen.storyboard */,
				262AFB5C20201C710012E16C /* Info.plist */,
				26C2913B2020353C00644B6C /* ConversionViewController.swift */,
			);
			path = WorldTroller;
			sourceTree = "<group>";
		};
		262AFB6420201C710012E16C /* WorldTrollerTests */ = {
			isa = PBXGroup;
			children = (
				262AFB6520201C710012E16C /* WorldTrollerTests.swift */,
				262AFB6720201C710012E16C /* Info.plist */,
			);
			path = WorldTrollerTests;
			sourceTree = "<group>";
		};
		262AFB6F20201C710012E16C /* WorldTrollerUITests */ = {
			isa = PBXGroup;
			children = (
				262AFB7020201C710012E16C /* WorldTrollerUITests.swift */,
				262AFB7220201C710012E16C /* Info.plist */,
			);
			path = WorldTrollerUITests;
			sourceTree = "<group>";
		};
		26D04481202960D800541470 /* Frameworks */ = {
			isa = PBXGroup;
			children = (
				26A5BA7C2030BD29003679B1 /* CoreLocation.framework */,
				26D04482202960D800541470 /* MapKit.framework */,
			);
			name = Frameworks;
			sourceTree = "<group>";
		};
/* End PBXGroup section */

/* Begin PBXNativeTarget section */
		262AFB4C20201C710012E16C /* WorldTroller */ = {
			isa = PBXNativeTarget;
			buildConfigurationList = 262AFB7520201C710012E16C /* Build configuration list for PBXNativeTarget "WorldTroller" */;
			buildPhases = (
				262AFB4920201C710012E16C /* Sources */,
				262AFB4A20201C710012E16C /* Frameworks */,
				262AFB4B20201C710012E16C /* Resources */,
			);
			buildRules = (
			);
			dependencies = (
			);
			name = WorldTroller;
			productName = WorldTroller;
			productReference = 262AFB4D20201C710012E16C /* WorldTroller.app */;
			productType = "com.apple.product-type.application";
		};
		262AFB6020201C710012E16C /* WorldTrollerTests */ = {
			isa = PBXNativeTarget;
			buildConfigurationList = 262AFB7820201C710012E16C /* Build configuration list for PBXNativeTarget "WorldTrollerTests" */;
			buildPhases = (
				262AFB5D20201C710012E16C /* Sources */,
				262AFB5E20201C710012E16C /* Frameworks */,
				262AFB5F20201C710012E16C /* Resources */,
			);
			buildRules = (
			);
			dependencies = (
				262AFB6320201C710012E16C /* PBXTargetDependency */,
			);
			name = WorldTrollerTests;
			productName = WorldTrollerTests;
			productReference = 262AFB6120201C710012E16C /* WorldTrollerTests.xctest */;
			productType = "com.apple.product-type.bundle.unit-test";
		};
		262AFB6B20201C710012E16C /* WorldTrollerUITests */ = {
			isa = PBXNativeTarget;
			buildConfigurationList = 262AFB7B20201C710012E16C /* Build configuration list for PBXNativeTarget "WorldTrollerUITests" */;
			buildPhases = (
				262AFB6820201C710012E16C /* Sources */,
				262AFB6920201C710012E16C /* Frameworks */,
				262AFB6A20201C710012E16C /* Resources */,
			);
			buildRules = (
			);
			dependencies = (
				262AFB6E20201C710012E16C /* PBXTargetDependency */,
			);
			name = WorldTrollerUITests;
			productName = WorldTrollerUITests;
			productReference = 262AFB6C20201C710012E16C /* WorldTrollerUITests.xctest */;
			productType = "com.apple.product-type.bundle.ui-testing";
		};
/* End PBXNativeTarget section */

/* Begin PBXProject section */
		262AFB4520201C710012E16C /* Project object */ = {
			isa = PBXProject;
			attributes = {
				LastSwiftUpdateCheck = 0920;
				LastUpgradeCheck = 0920;
				ORGANIZATIONNAME = "Nguyen Tran";
				TargetAttributes = {
					262AFB4C20201C710012E16C = {
						CreatedOnToolsVersion = 9.2;
						ProvisioningStyle = Automatic;
					};
					262AFB6020201C710012E16C = {
						CreatedOnToolsVersion = 9.2;
						ProvisioningStyle = Automatic;
						TestTargetID = 262AFB4C20201C710012E16C;
					};
					262AFB6B20201C710012E16C = {
						CreatedOnToolsVersion = 9.2;
						ProvisioningStyle = Automatic;
						TestTargetID = 262AFB4C20201C710012E16C;
					};
				};
			};
			buildConfigurationList = 262AFB4820201C710012E16C /* Build configuration list for PBXProject "WorldTroller" */;
			compatibilityVersion = "Xcode 8.0";
			developmentRegion = en;
			hasScannedForEncodings = 0;
			knownRegions = (
				en,
				Base,
				es,
				vi,
			);
			mainGroup = 262AFB4420201C710012E16C;
			productRefGroup = 262AFB4E20201C710012E16C /* Products */;
			projectDirPath = "";
			projectRoot = "";
			targets = (
				262AFB4C20201C710012E16C /* WorldTroller */,
				262AFB6020201C710012E16C /* WorldTrollerTests */,
				262AFB6B20201C710012E16C /* WorldTrollerUITests */,
			);
		};
/* End PBXProject section */

/* Begin PBXResourcesBuildPhase section */
		262AFB4B20201C710012E16C /* Resources */ = {
			isa = PBXResourcesBuildPhase;
			buildActionMask = 2147483647;
			files = (
				26CBB5D7202EF6C9009ADCA1 /* Localizable.strings in Resources */,
				262AFB5B20201C710012E16C /* LaunchScreen.storyboard in Resources */,
				26CBB5D1202EEF58009ADCA1 /* Localizable.strings in Resources */,
				262AFB5820201C710012E16C /* Assets.xcassets in Resources */,
				262AFB5620201C710012E16C /* Main.storyboard in Resources */,
			);
			runOnlyForDeploymentPostprocessing = 0;
		};
		262AFB5F20201C710012E16C /* Resources */ = {
			isa = PBXResourcesBuildPhase;
			buildActionMask = 2147483647;
			files = (
			);
			runOnlyForDeploymentPostprocessing = 0;
		};
		262AFB6A20201C710012E16C /* Resources */ = {
			isa = PBXResourcesBuildPhase;
			buildActionMask = 2147483647;
			files = (
			);
			runOnlyForDeploymentPostprocessing = 0;
		};
/* End PBXResourcesBuildPhase section */

/* Begin PBXSourcesBuildPhase section */
		262AFB4920201C710012E16C /* Sources */ = {
			isa = PBXSourcesBuildPhase;
			buildActionMask = 2147483647;
			files = (
				26C2913C2020353C00644B6C /* ConversionViewController.swift in Sources */,
				26D044852029641400541470 /* MapViewController.swift in Sources */,
				262AFB5120201C710012E16C /* AppDelegate.swift in Sources */,
				266B8138202AC7BD00524DF0 /* WebViewController.swift in Sources */,
			);
			runOnlyForDeploymentPostprocessing = 0;
		};
		262AFB5D20201C710012E16C /* Sources */ = {
			isa = PBXSourcesBuildPhase;
			buildActionMask = 2147483647;
			files = (
				262AFB6620201C710012E16C /* WorldTrollerTests.swift in Sources */,
			);
			runOnlyForDeploymentPostprocessing = 0;
		};
		262AFB6820201C710012E16C /* Sources */ = {
			isa = PBXSourcesBuildPhase;
			buildActionMask = 2147483647;
			files = (
				262AFB7120201C710012E16C /* WorldTrollerUITests.swift in Sources */,
			);
			runOnlyForDeploymentPostprocessing = 0;
		};
/* End PBXSourcesBuildPhase section */

/* Begin PBXTargetDependency section */
		262AFB6320201C710012E16C /* PBXTargetDependency */ = {
			isa = PBXTargetDependency;
			target = 262AFB4C20201C710012E16C /* WorldTroller */;
			targetProxy = 262AFB6220201C710012E16C /* PBXContainerItemProxy */;
		};
		262AFB6E20201C710012E16C /* PBXTargetDependency */ = {
			isa = PBXTargetDependency;
			target = 262AFB4C20201C710012E16C /* WorldTroller */;
			targetProxy = 262AFB6D20201C710012E16C /* PBXContainerItemProxy */;
		};
/* End PBXTargetDependency section */

/* Begin PBXVariantGroup section */
		262AFB5420201C710012E16C /* Main.storyboard */ = {
			isa = PBXVariantGroup;
			children = (
				262AFB5520201C710012E16C /* Base */,
				26CBB5CA202ED710009ADCA1 /* en */,
				26CBB5CB202ED963009ADCA1 /* es */,
				26CBB5CC202EE0EF009ADCA1 /* vi */,
			);
			name = Main.storyboard;
			sourceTree = "<group>";
		};
		262AFB5920201C710012E16C /* LaunchScreen.storyboard */ = {
			isa = PBXVariantGroup;
			children = (
				262AFB5A20201C710012E16C /* Base */,
			);
			name = LaunchScreen.storyboard;
			sourceTree = "<group>";
		};
		26CBB5CF202EEF57009ADCA1 /* Localizable.strings */ = {
			isa = PBXVariantGroup;
			children = (
				26CBB5D0202EEF57009ADCA1 /* es */,
			);
			name = Localizable.strings;
			sourceTree = "<group>";
		};
		26CBB5D9202EF6C9009ADCA1 /* Localizable.strings */ = {
			isa = PBXVariantGroup;
			children = (
				26CBB5D8202EF6C9009ADCA1 /* vi */,
			);
			name = Localizable.strings;
			sourceTree = "<group>";
		};
/* End PBXVariantGroup section */

/* Begin XCBuildConfiguration section */
		262AFB7320201C710012E16C /* Debug */ = {
			isa = XCBuildConfiguration;
			buildSettings = {
				ALWAYS_SEARCH_USER_PATHS = NO;
				CLANG_ANALYZER_LOCALIZABILITY_NONLOCALIZED = YES;
				CLANG_ANALYZER_NONNULL = YES;
				CLANG_ANALYZER_NUMBER_OBJECT_CONVERSION = YES_AGGRESSIVE;
				CLANG_CXX_LANGUAGE_STANDARD = "gnu++14";
				CLANG_CXX_LIBRARY = "libc++";
				CLANG_ENABLE_MODULES = YES;
				CLANG_ENABLE_OBJC_ARC = YES;
				CLANG_WARN_BLOCK_CAPTURE_AUTORELEASING = YES;
				CLANG_WARN_BOOL_CONVERSION = YES;
				CLANG_WARN_COMMA = YES;
				CLANG_WARN_CONSTANT_CONVERSION = YES;
				CLANG_WARN_DIRECT_OBJC_ISA_USAGE = YES_ERROR;
				CLANG_WARN_DOCUMENTATION_COMMENTS = YES;
				CLANG_WARN_EMPTY_BODY = YES;
				CLANG_WARN_ENUM_CONVERSION = YES;
				CLANG_WARN_INFINITE_RECURSION = YES;
				CLANG_WARN_INT_CONVERSION = YES;
				CLANG_WARN_NON_LITERAL_NULL_CONVERSION = YES;
				CLANG_WARN_OBJC_LITERAL_CONVERSION = YES;
				CLANG_WARN_OBJC_ROOT_CLASS = YES_ERROR;
				CLANG_WARN_RANGE_LOOP_ANALYSIS = YES;
				CLANG_WARN_STRICT_PROTOTYPES = YES;
				CLANG_WARN_SUSPICIOUS_MOVE = YES;
				CLANG_WARN_UNGUARDED_AVAILABILITY = YES_AGGRESSIVE;
				CLANG_WARN_UNREACHABLE_CODE = YES;
				CLANG_WARN__DUPLICATE_METHOD_MATCH = YES;
				CODE_SIGN_IDENTITY = "iPhone Developer";
				COPY_PHASE_STRIP = NO;
				DEBUG_INFORMATION_FORMAT = dwarf;
				ENABLE_STRICT_OBJC_MSGSEND = YES;
				ENABLE_TESTABILITY = YES;
				GCC_C_LANGUAGE_STANDARD = gnu11;
				GCC_DYNAMIC_NO_PIC = NO;
				GCC_NO_COMMON_BLOCKS = YES;
				GCC_OPTIMIZATION_LEVEL = 0;
				GCC_PREPROCESSOR_DEFINITIONS = (
					"DEBUG=1",
					"$(inherited)",
				);
				GCC_WARN_64_TO_32_BIT_CONVERSION = YES;
				GCC_WARN_ABOUT_RETURN_TYPE = YES_ERROR;
				GCC_WARN_UNDECLARED_SELECTOR = YES;
				GCC_WARN_UNINITIALIZED_AUTOS = YES_AGGRESSIVE;
				GCC_WARN_UNUSED_FUNCTION = YES;
				GCC_WARN_UNUSED_VARIABLE = YES;
				IPHONEOS_DEPLOYMENT_TARGET = 11.2;
				MTL_ENABLE_DEBUG_INFO = YES;
				ONLY_ACTIVE_ARCH = YES;
				SDKROOT = iphoneos;
				SWIFT_ACTIVE_COMPILATION_CONDITIONS = DEBUG;
				SWIFT_OPTIMIZATION_LEVEL = "-Onone";
				SWIFT_SWIFT3_OBJC_INFERENCE = Off;
			};
			name = Debug;
		};
		262AFB7420201C710012E16C /* Release */ = {
			isa = XCBuildConfiguration;
			buildSettings = {
				ALWAYS_SEARCH_USER_PATHS = NO;
				CLANG_ANALYZER_LOCALIZABILITY_NONLOCALIZED = YES;
				CLANG_ANALYZER_NONNULL = YES;
				CLANG_ANALYZER_NUMBER_OBJECT_CONVERSION = YES_AGGRESSIVE;
				CLANG_CXX_LANGUAGE_STANDARD = "gnu++14";
				CLANG_CXX_LIBRARY = "libc++";
				CLANG_ENABLE_MODULES = YES;
				CLANG_ENABLE_OBJC_ARC = YES;
				CLANG_WARN_BLOCK_CAPTURE_AUTORELEASING = YES;
				CLANG_WARN_BOOL_CONVERSION = YES;
				CLANG_WARN_COMMA = YES;
				CLANG_WARN_CONSTANT_CONVERSION = YES;
				CLANG_WARN_DIRECT_OBJC_ISA_USAGE = YES_ERROR;
				CLANG_WARN_DOCUMENTATION_COMMENTS = YES;
				CLANG_WARN_EMPTY_BODY = YES;
				CLANG_WARN_ENUM_CONVERSION = YES;
				CLANG_WARN_INFINITE_RECURSION = YES;
				CLANG_WARN_INT_CONVERSION = YES;
				CLANG_WARN_NON_LITERAL_NULL_CONVERSION = YES;
				CLANG_WARN_OBJC_LITERAL_CONVERSION = YES;
				CLANG_WARN_OBJC_ROOT_CLASS = YES_ERROR;
				CLANG_WARN_RANGE_LOOP_ANALYSIS = YES;
				CLANG_WARN_STRICT_PROTOTYPES = YES;
				CLANG_WARN_SUSPICIOUS_MOVE = YES;
				CLANG_WARN_UNGUARDED_AVAILABILITY = YES_AGGRESSIVE;
				CLANG_WARN_UNREACHABLE_CODE = YES;
				CLANG_WARN__DUPLICATE_METHOD_MATCH = YES;
				CODE_SIGN_IDENTITY = "iPhone Developer";
				COPY_PHASE_STRIP = NO;
				DEBUG_INFORMATION_FORMAT = "dwarf-with-dsym";
				ENABLE_NS_ASSERTIONS = NO;
				ENABLE_STRICT_OBJC_MSGSEND = YES;
				GCC_C_LANGUAGE_STANDARD = gnu11;
				GCC_NO_COMMON_BLOCKS = YES;
				GCC_WARN_64_TO_32_BIT_CONVERSION = YES;
				GCC_WARN_ABOUT_RETURN_TYPE = YES_ERROR;
				GCC_WARN_UNDECLARED_SELECTOR = YES;
				GCC_WARN_UNINITIALIZED_AUTOS = YES_AGGRESSIVE;
				GCC_WARN_UNUSED_FUNCTION = YES;
				GCC_WARN_UNUSED_VARIABLE = YES;
				IPHONEOS_DEPLOYMENT_TARGET = 11.2;
				MTL_ENABLE_DEBUG_INFO = NO;
				SDKROOT = iphoneos;
				SWIFT_OPTIMIZATION_LEVEL = "-Owholemodule";
				SWIFT_SWIFT3_OBJC_INFERENCE = Off;
				VALIDATE_PRODUCT = YES;
			};
			name = Release;
		};
		262AFB7620201C710012E16C /* Debug */ = {
			isa = XCBuildConfiguration;
			buildSettings = {
				ASSETCATALOG_COMPILER_APPICON_NAME = AppIcon;
				CODE_SIGN_STYLE = Automatic;
				DEVELOPMENT_TEAM = 6QQ9CZ2QNF;
				INFOPLIST_FILE = WorldTroller/Info.plist;
				LD_RUNPATH_SEARCH_PATHS = "$(inherited) @executable_path/Frameworks";
				PRODUCT_BUNDLE_IDENTIFIER = "-1.WorldTroller";
				PRODUCT_NAME = "$(TARGET_NAME)";
				SWIFT_VERSION = 4.0;
				TARGETED_DEVICE_FAMILY = "1,2";
			};
			name = Debug;
		};
		262AFB7720201C710012E16C /* Release */ = {
			isa = XCBuildConfiguration;
			buildSettings = {
				ASSETCATALOG_COMPILER_APPICON_NAME = AppIcon;
				CODE_SIGN_STYLE = Automatic;
				DEVELOPMENT_TEAM = 6QQ9CZ2QNF;
				INFOPLIST_FILE = WorldTroller/Info.plist;
				LD_RUNPATH_SEARCH_PATHS = "$(inherited) @executable_path/Frameworks";
				PRODUCT_BUNDLE_IDENTIFIER = "-1.WorldTroller";
				PRODUCT_NAME = "$(TARGET_NAME)";
				SWIFT_VERSION = 4.0;
				TARGETED_DEVICE_FAMILY = "1,2";
			};
			name = Release;
		};
		262AFB7920201C710012E16C /* Debug */ = {
			isa = XCBuildConfiguration;
			buildSettings = {
				ALWAYS_EMBED_SWIFT_STANDARD_LIBRARIES = YES;
				BUNDLE_LOADER = "$(TEST_HOST)";
				CODE_SIGN_STYLE = Automatic;
				INFOPLIST_FILE = WorldTrollerTests/Info.plist;
				LD_RUNPATH_SEARCH_PATHS = "$(inherited) @executable_path/Frameworks @loader_path/Frameworks";
				PRODUCT_BUNDLE_IDENTIFIER = "-1.WorldTrollerTests";
				PRODUCT_NAME = "$(TARGET_NAME)";
				SWIFT_VERSION = 4.0;
				TARGETED_DEVICE_FAMILY = "1,2";
				TEST_HOST = "$(BUILT_PRODUCTS_DIR)/WorldTroller.app/WorldTroller";
			};
			name = Debug;
		};
		262AFB7A20201C710012E16C /* Release */ = {
			isa = XCBuildConfiguration;
			buildSettings = {
				ALWAYS_EMBED_SWIFT_STANDARD_LIBRARIES = YES;
				BUNDLE_LOADER = "$(TEST_HOST)";
				CODE_SIGN_STYLE = Automatic;
				INFOPLIST_FILE = WorldTrollerTests/Info.plist;
				LD_RUNPATH_SEARCH_PATHS = "$(inherited) @executable_path/Frameworks @loader_path/Frameworks";
				PRODUCT_BUNDLE_IDENTIFIER = "-1.WorldTrollerTests";
				PRODUCT_NAME = "$(TARGET_NAME)";
				SWIFT_VERSION = 4.0;
				TARGETED_DEVICE_FAMILY = "1,2";
				TEST_HOST = "$(BUILT_PRODUCTS_DIR)/WorldTroller.app/WorldTroller";
			};
			name = Release;
		};
		262AFB7C20201C710012E16C /* Debug */ = {
			isa = XCBuildConfiguration;
			buildSettings = {
				ALWAYS_EMBED_SWIFT_STANDARD_LIBRARIES = YES;
				CODE_SIGN_STYLE = Automatic;
				INFOPLIST_FILE = WorldTrollerUITests/Info.plist;
				LD_RUNPATH_SEARCH_PATHS = "$(inherited) @executable_path/Frameworks @loader_path/Frameworks";
				PRODUCT_BUNDLE_IDENTIFIER = "-1.WorldTrollerUITests";
				PRODUCT_NAME = "$(TARGET_NAME)";
				SWIFT_VERSION = 4.0;
				TARGETED_DEVICE_FAMILY = "1,2";
				TEST_TARGET_NAME = WorldTroller;
			};
			name = Debug;
		};
		262AFB7D20201C710012E16C /* Release */ = {
			isa = XCBuildConfiguration;
			buildSettings = {
				ALWAYS_EMBED_SWIFT_STANDARD_LIBRARIES = YES;
				CODE_SIGN_STYLE = Automatic;
				INFOPLIST_FILE = WorldTrollerUITests/Info.plist;
				LD_RUNPATH_SEARCH_PATHS = "$(inherited) @executable_path/Frameworks @loader_path/Frameworks";
				PRODUCT_BUNDLE_IDENTIFIER = "-1.WorldTrollerUITests";
				PRODUCT_NAME = "$(TARGET_NAME)";
				SWIFT_VERSION = 4.0;
				TARGETED_DEVICE_FAMILY = "1,2";
				TEST_TARGET_NAME = WorldTroller;
			};
			name = Release;
		};
/* End XCBuildConfiguration section */

/* Begin XCConfigurationList section */
		262AFB4820201C710012E16C /* Build configuration list for PBXProject "WorldTroller" */ = {
			isa = XCConfigurationList;
			buildConfigurations = (
				262AFB7320201C710012E16C /* Debug */,
				262AFB7420201C710012E16C /* Release */,
			);
			defaultConfigurationIsVisible = 0;
			defaultConfigurationName = Release;
		};
		262AFB7520201C710012E16C /* Build configuration list for PBXNativeTarget "WorldTroller" */ = {
			isa = XCConfigurationList;
			buildConfigurations = (
				262AFB7620201C710012E16C /* Debug */,
				262AFB7720201C710012E16C /* Release */,
			);
			defaultConfigurationIsVisible = 0;
			defaultConfigurationName = Release;
		};
		262AFB7820201C710012E16C /* Build configuration list for PBXNativeTarget "WorldTrollerTests" */ = {
			isa = XCConfigurationList;
			buildConfigurations = (
				262AFB7920201C710012E16C /* Debug */,
				262AFB7A20201C710012E16C /* Release */,
			);
			defaultConfigurationIsVisible = 0;
			defaultConfigurationName = Release;
		};
		262AFB7B20201C710012E16C /* Build configuration list for PBXNativeTarget "WorldTrollerUITests" */ = {
			isa = XCConfigurationList;
			buildConfigurations = (
				262AFB7C20201C710012E16C /* Debug */,
				262AFB7D20201C710012E16C /* Release */,
			);
			defaultConfigurationIsVisible = 0;
			defaultConfigurationName = Release;
		};
/* End XCConfigurationList section */
	};
	rootObject = 262AFB4520201C710012E16C /* Project object */;
}
